<?xml version="1.0" encoding="utf-8"?>
<Project ToolsVersion="4.0" xmlns="http://schemas.microsoft.com/developer/msbuild/2003">
  <ItemGroup>
    <Filter Include="Source Files">
      <UniqueIdentifier>{4FC737F1-C7A5-4376-A066-2A32D752A2FF}</UniqueIdentifier>
      <Extensions>cpp;c;cc;cxx;def;odl;idl;hpj;bat;asm;asmx</Extensions>
    </Filter>
    <Filter Include="Header Files">
      <UniqueIdentifier>{93995380-89BD-4b04-88EB-625FBE52EBFB}</UniqueIdentifier>
      <Extensions>h;hh;hpp;hxx;hm;inl;inc;xsd</Extensions>
    </Filter>
    <Filter Include="Resource Files">
      <UniqueIdentifier>{67DA6AB6-F800-4c08-8B7A-83BB121AAD01}</UniqueIdentifier>
      <Extensions>rc;ico;cur;bmp;dlg;rc2;rct;bin;rgs;gif;jpg;jpeg;jpe;resx;tiff;tif;png;wav;mfcribbon-ms</Extensions>
    </Filter>
  </ItemGroup>
  <ItemGroup>
    <ClInclude Include="common.hpp">
      <Filter>Header Files</Filter>
    </ClInclude>
    <ClInclude Include="FrontalCascade.hpp">
      <Filter>Header Files</Filter>
    </ClInclude>
    <ClInclude Include="FrontalReinforceCascade.hpp">
      <Filter>Header Files</Filter>
    </ClInclude>
    <ClInclude Include="HardCode.hpp">
      <Filter>Header Files</Filter>
    </ClInclude>
    <ClInclude Include="ImageOperation.hpp">
      <Filter>Header Files</Filter>
    </ClInclude>
    <ClInclude Include="LeftProfileCascade.hpp">
      <Filter>Header Files</Filter>
    </ClInclude>
    <ClInclude Include="LeftProfileReinforceCascade.hpp">
      <Filter>Header Files</Filter>
    </ClInclude>
    <ClInclude Include="RightProfileCascade.hpp">
      <Filter>Header Files</Filter>
    </ClInclude>
    <ClInclude Include="RightProfileReinforceCascade.hpp">
      <Filter>Header Files</Filter>
    </ClInclude>
    <ClInclude Include="tinyxml2.h">
      <Filter>Header Files</Filter>
    </ClInclude>
    <ClInclude Include="LonginusDetector.hpp">
      <Filter>Header Files</Filter>
    </ClInclude>
    <ClInclude Include="InternalLonginusCascade.hpp">
      <Filter>Header Files</Filter>
    </ClInclude>
    <ClInclude Include="BaseLonginusCascade.hpp">
      <Filter>Header Files</Filter>
    </ClInclude>
    <ClInclude Include="match_recter.hpp">
      <Filter>Header Files</Filter>
    </ClInclude>
    <ClInclude Include="matcher.hpp">
      <Filter>Header Files</Filter>
    </ClInclude>
  </ItemGroup>
  <ItemGroup>
    <Text Include="CMakeLists.txt" />
  </ItemGroup>
  <ItemGroup>
    <ClCompile Include="common.cpp">
      <Filter>Source Files</Filter>
    </ClCompile>
    <ClCompile Include="ImageOperation.cpp">
      <Filter>Source Files</Filter>
    </ClCompile>
    <ClCompile Include="tinyxml2.cpp">
      <Filter>Source Files</Filter>
    </ClCompile>
    <ClCompile Include="LonginusDetector.cpp">
      <Filter>Source Files</Filter>
    </ClCompile>
    <ClCompile Include="InternalLonginusCascade.cpp">
      <Filter>Source Files</Filter>
    </ClCompile>
    <ClCompile Include="matcher.cpp">
      <Filter>Source Files</Filter>
    </ClCompile>
  </ItemGroup>
  <ItemGroup>
    <None Include="README.md" />
  </ItemGroup>
  <ItemGroup>
    <CudaCompile Include="ImageOperation.cu" />
    <CudaCompile Include="InternalLonginusCascade.cu" />
  </ItemGroup>
</Project>