
Microsoft Visual Studio Solution File, Format Version 12.00
# Visual Studio 15
VisualStudioVersion = 15.0.28307.539
MinimumVisualStudioVersion = 10.0.40219.1
Project("{8BC9CEB8-8B4A-11D0-8D11-00A0C91BC942}") = "Excalibur", "Excalibur\Excalibur.vcxproj", "{546E42E9-516A-4D09-BBE0-D3D567AC1328}"
EndProject
Project("{8BC9CEB8-8B4A-11D0-8D11-00A0C91BC942}") = "Julius", "Julius\Julius.vcxproj", "{E28B3350-1F2D-473D-83B7-1BDE8E56CD6E}"
EndProject
Project("{8BC9CEB8-8B4A-11D0-8D11-00A0C91BC942}") = "Cassius", "Cassius\Cassius.vcxproj", "{ED436A1F-4A52-4974-850A-8F9CA9DFEB90}"
EndProject
Project("{8BC9CEB8-8B4A-11D0-8D11-00A0C91BC942}") = "Romancia", "Romancia\Romancia.vcxproj", "{9E81958B-61AE-4DE2-B254-CFD4260F64A6}"
EndProject
Project("{8BC9CEB8-8B4A-11D0-8D11-00A0C91BC942}") = "Longinus", "Longinus\Longinus.vcxproj", "{9700E429-6846-4C83-89CF-1881147FE5D6}"
EndProject
Project("{8BC9CEB8-8B4A-11D0-8D11-00A0C91BC942}") = "Longinucia", "..\csharp\Longinucia\Longinucia.vcxproj", "{6E707998-0FB7-4690-97AA-B17D55993523}"
EndProject
Project("{8BC9CEB8-8B4A-11D0-8D11-00A0C91BC942}") = "Cassiunia", "..\csharp\Cassiunia\Cassiunia.vcxproj", "{54383CC0-5F2C-4F59-BCAD-D8613FE83AF8}"
EndProject
Project("{8BC9CEB8-8B4A-11D0-8D11-00A0C91BC942}") = "Damocles", "Damocles\Damocles.vcxproj", "{0F56CCED-AA44-4767-B843-7A45227946CF}"
EndProject
Project("{8BC9CEB8-8B4A-11D0-8D11-00A0C91BC942}") = "License", "License\License.vcxproj", "{B1DBDA1F-7496-49BC-B423-C8924AA8E126}"
EndProject
Project("{8BC9CEB8-8B4A-11D0-8D11-00A0C91BC942}") = "Gaius", "Gaius\Gaius.vcxproj", "{A62873EE-5FA6-4729-BEA1-8BA45C9127F8}"
EndProject
Project("{8BC9CEB8-8B4A-11D0-8D11-00A0C91BC942}") = "Gaiunia", "..\csharp\Gaiunia\Gaiunia.vcxproj", "{D7880356-7B3E-4F4B-A41A-A4A1FC03791D}"
EndProject
Project("{8BC9CEB8-8B4A-11D0-8D11-00A0C91BC942}") = "Irisviel", "Irisviel\Irisviel.vcxproj", "{D73D41D7-9C35-4E48-A85A-ABA45068223A}"
EndProject
Project("{8BC9CEB8-8B4A-11D0-8D11-00A0C91BC942}") = "Athene", "Athene\Athene.vcxproj", "{70049867-7840-4450-A777-95364EB75146}"
EndProject
Project("{8BC9CEB8-8B4A-11D0-8D11-00A0C91BC942}") = "Athenel", "..\csharp\Athenel\Athenel.vcxproj", "{B8B72223-57C8-4771-8BBF-D42E597A4A5B}"
EndProject
Project("{FAE04EC0-301F-11D3-BF4B-00C04F79EFBC}") = "CSharpExample", "..\examples\CSharpExample\CSharpExample.csproj", "{A2764D42-919E-4817-927F-BB6CF13CEEC1}"
EndProject
Project("{8BC9CEB8-8B4A-11D0-8D11-00A0C91BC942}") = "CppExample", "..\examples\CppExample\CppExample.vcxproj", "{6FCF7CB3-7523-442B-BA36-E65EF38A5598}"
EndProject
Project("{8BC9CEB8-8B4A-11D0-8D11-00A0C91BC942}") = "PersonalReality", "..\tools\PersonalReality\PersonalReality.vcxproj", "{F84120F7-43E0-44D9-AA16-DAE8B0C0EFD2}"
EndProject
Global
	GlobalSection(SolutionConfigurationPlatforms) = preSolution
		CplusC|Any CPU = CplusC|Any CPU
		CplusC|x64 = CplusC|x64
		CplusC|x86 = CplusC|x86
		CplusG|Any CPU = CplusG|Any CPU
		CplusG|x64 = CplusG|x64
		CplusG|x86 = CplusG|x86
		Debug|Any CPU = Debug|Any CPU
		Debug|x64 = Debug|x64
		Debug|x86 = Debug|x86
		SharpC|Any CPU = SharpC|Any CPU
		SharpC|x64 = SharpC|x64
		SharpC|x86 = SharpC|x86
		SharpG|Any CPU = SharpG|Any CPU
		SharpG|x64 = SharpG|x64
		SharpG|x86 = SharpG|x86
	EndGlobalSection
	GlobalSection(ProjectConfigurationPlatforms) = postSolution
		{546E42E9-516A-4D09-BBE0-D3D567AC1328}.CplusC|Any CPU.ActiveCfg = CplusC|x64
		{546E42E9-516A-4D09-BBE0-D3D567AC1328}.CplusC|x64.ActiveCfg = CplusC|x64
		{546E42E9-516A-4D09-BBE0-D3D567AC1328}.CplusC|x64.Build.0 = CplusC|x64
		{546E42E9-516A-4D09-BBE0-D3D567AC1328}.CplusC|x86.ActiveCfg = CplusC|Win32
		{546E42E9-516A-4D09-BBE0-D3D567AC1328}.CplusC|x86.Build.0 = CplusC|Win32
		{546E42E9-516A-4D09-BBE0-D3D567AC1328}.CplusG|Any CPU.ActiveCfg = CPlusG|Win32
		{546E42E9-516A-4D09-BBE0-D3D567AC1328}.CplusG|x64.ActiveCfg = CPlusG|x64
		{546E42E9-516A-4D09-BBE0-D3D567AC1328}.CplusG|x64.Build.0 = CPlusG|x64
		{546E42E9-516A-4D09-BBE0-D3D567AC1328}.CplusG|x86.ActiveCfg = CPlusG|Win32
		{546E42E9-516A-4D09-BBE0-D3D567AC1328}.CplusG|x86.Build.0 = CPlusG|Win32
		{546E42E9-516A-4D09-BBE0-D3D567AC1328}.Debug|Any CPU.ActiveCfg = Debug|Win32
		{546E42E9-516A-4D09-BBE0-D3D567AC1328}.Debug|x64.ActiveCfg = Debug|x64
		{546E42E9-516A-4D09-BBE0-D3D567AC1328}.Debug|x64.Build.0 = Debug|x64
		{546E42E9-516A-4D09-BBE0-D3D567AC1328}.Debug|x86.ActiveCfg = Debug|Win32
		{546E42E9-516A-4D09-BBE0-D3D567AC1328}.Debug|x86.Build.0 = Debug|Win32
		{546E42E9-516A-4D09-BBE0-D3D567AC1328}.SharpC|Any CPU.ActiveCfg = SharpC|Win32
		{546E42E9-516A-4D09-BBE0-D3D567AC1328}.SharpC|x64.ActiveCfg = SharpC|x64
		{546E42E9-516A-4D09-BBE0-D3D567AC1328}.SharpC|x64.Build.0 = SharpC|x64
		{546E42E9-516A-4D09-BBE0-D3D567AC1328}.SharpC|x86.ActiveCfg = SharpC|Win32
		{546E42E9-516A-4D09-BBE0-D3D567AC1328}.SharpC|x86.Build.0 = SharpC|Win32
		{546E42E9-516A-4D09-BBE0-D3D567AC1328}.SharpG|Any CPU.ActiveCfg = SharpG|Win32
		{546E42E9-516A-4D09-BBE0-D3D567AC1328}.SharpG|x64.ActiveCfg = SharpG|x64
		{546E42E9-516A-4D09-BBE0-D3D567AC1328}.SharpG|x64.Build.0 = SharpG|x64
		{546E42E9-516A-4D09-BBE0-D3D567AC1328}.SharpG|x86.ActiveCfg = SharpG|Win32
		{E28B3350-1F2D-473D-83B7-1BDE8E56CD6E}.CplusC|Any CPU.ActiveCfg = CplusC|x64
		{E28B3350-1F2D-473D-83B7-1BDE8E56CD6E}.CplusC|x64.ActiveCfg = CplusC|x64
		{E28B3350-1F2D-473D-83B7-1BDE8E56CD6E}.CplusC|x64.Build.0 = CplusC|x64
		{E28B3350-1F2D-473D-83B7-1BDE8E56CD6E}.CplusC|x86.ActiveCfg = CplusC|Win32
		{E28B3350-1F2D-473D-83B7-1BDE8E56CD6E}.CplusC|x86.Build.0 = CplusC|Win32
		{E28B3350-1F2D-473D-83B7-1BDE8E56CD6E}.CplusG|Any CPU.ActiveCfg = CPlusG|Win32
		{E28B3350-1F2D-473D-83B7-1BDE8E56CD6E}.CplusG|x64.ActiveCfg = CPlusG|x64
		{E28B3350-1F2D-473D-83B7-1BDE8E56CD6E}.CplusG|x64.Build.0 = CPlusG|x64
		{E28B3350-1F2D-473D-83B7-1BDE8E56CD6E}.CplusG|x86.ActiveCfg = CPlusG|Win32
		{E28B3350-1F2D-473D-83B7-1BDE8E56CD6E}.CplusG|x86.Build.0 = CPlusG|Win32
		{E28B3350-1F2D-473D-83B7-1BDE8E56CD6E}.Debug|Any CPU.ActiveCfg = Debug|Win32
		{E28B3350-1F2D-473D-83B7-1BDE8E56CD6E}.Debug|x64.ActiveCfg = Debug|x64
		{E28B3350-1F2D-473D-83B7-1BDE8E56CD6E}.Debug|x64.Build.0 = Debug|x64
		{E28B3350-1F2D-473D-83B7-1BDE8E56CD6E}.Debug|x86.ActiveCfg = Debug|Win32
		{E28B3350-1F2D-473D-83B7-1BDE8E56CD6E}.Debug|x86.Build.0 = Debug|Win32
		{E28B3350-1F2D-473D-83B7-1BDE8E56CD6E}.SharpC|Any CPU.ActiveCfg = SharpC|Win32
		{E28B3350-1F2D-473D-83B7-1BDE8E56CD6E}.SharpC|x64.ActiveCfg = SharpC|x64
		{E28B3350-1F2D-473D-83B7-1BDE8E56CD6E}.SharpC|x64.Build.0 = SharpC|x64
		{E28B3350-1F2D-473D-83B7-1BDE8E56CD6E}.SharpC|x86.ActiveCfg = SharpC|Win32
		{E28B3350-1F2D-473D-83B7-1BDE8E56CD6E}.SharpC|x86.Build.0 = SharpC|Win32
		{E28B3350-1F2D-473D-83B7-1BDE8E56CD6E}.SharpG|Any CPU.ActiveCfg = SharpG|Win32
		{E28B3350-1F2D-473D-83B7-1BDE8E56CD6E}.SharpG|x64.ActiveCfg = SharpG|x64
		{E28B3350-1F2D-473D-83B7-1BDE8E56CD6E}.SharpG|x64.Build.0 = SharpG|x64
		{E28B3350-1F2D-473D-83B7-1BDE8E56CD6E}.SharpG|x86.ActiveCfg = SharpG|Win32
		{ED436A1F-4A52-4974-850A-8F9CA9DFEB90}.CplusC|Any CPU.ActiveCfg = CplusC|x64
		{ED436A1F-4A52-4974-850A-8F9CA9DFEB90}.CplusC|x64.ActiveCfg = CplusC|x64
		{ED436A1F-4A52-4974-850A-8F9CA9DFEB90}.CplusC|x64.Build.0 = CplusC|x64
		{ED436A1F-4A52-4974-850A-8F9CA9DFEB90}.CplusC|x86.ActiveCfg = CplusC|Win32
		{ED436A1F-4A52-4974-850A-8F9CA9DFEB90}.CplusC|x86.Build.0 = CplusC|Win32
		{ED436A1F-4A52-4974-850A-8F9CA9DFEB90}.CplusG|Any CPU.ActiveCfg = CPlusG|Win32
		{ED436A1F-4A52-4974-850A-8F9CA9DFEB90}.CplusG|x64.ActiveCfg = CPlusG|x64
		{ED436A1F-4A52-4974-850A-8F9CA9DFEB90}.CplusG|x64.Build.0 = CPlusG|x64
		{ED436A1F-4A52-4974-850A-8F9CA9DFEB90}.CplusG|x86.ActiveCfg = CPlusG|Win32
		{ED436A1F-4A52-4974-850A-8F9CA9DFEB90}.CplusG|x86.Build.0 = CPlusG|Win32
		{ED436A1F-4A52-4974-850A-8F9CA9DFEB90}.Debug|Any CPU.ActiveCfg = Debug|Win32
		{ED436A1F-4A52-4974-850A-8F9CA9DFEB90}.Debug|x64.ActiveCfg = Debug|x64
		{ED436A1F-4A52-4974-850A-8F9CA9DFEB90}.Debug|x64.Build.0 = Debug|x64
		{ED436A1F-4A52-4974-850A-8F9CA9DFEB90}.Debug|x86.ActiveCfg = Debug|Win32
		{ED436A1F-4A52-4974-850A-8F9CA9DFEB90}.Debug|x86.Build.0 = Debug|Win32
		{ED436A1F-4A52-4974-850A-8F9CA9DFEB90}.SharpC|Any CPU.ActiveCfg = SharpC|Win32
		{ED436A1F-4A52-4974-850A-8F9CA9DFEB90}.SharpC|x64.ActiveCfg = SharpC|x64
		{ED436A1F-4A52-4974-850A-8F9CA9DFEB90}.SharpC|x64.Build.0 = SharpC|x64
		{ED436A1F-4A52-4974-850A-8F9CA9DFEB90}.SharpC|x86.ActiveCfg = SharpC|Win32
		{ED436A1F-4A52-4974-850A-8F9CA9DFEB90}.SharpC|x86.Build.0 = SharpC|Win32
		{ED436A1F-4A52-4974-850A-8F9CA9DFEB90}.SharpG|Any CPU.ActiveCfg = SharpG|Win32
		{ED436A1F-4A52-4974-850A-8F9CA9DFEB90}.SharpG|x64.ActiveCfg = SharpG|x64
		{ED436A1F-4A52-4974-850A-8F9CA9DFEB90}.SharpG|x64.Build.0 = SharpG|x64
		{ED436A1F-4A52-4974-850A-8F9CA9DFEB90}.SharpG|x86.ActiveCfg = SharpG|Win32
		{9E81958B-61AE-4DE2-B254-CFD4260F64A6}.CplusC|Any CPU.ActiveCfg = CplusC|x64
		{9E81958B-61AE-4DE2-B254-CFD4260F64A6}.CplusC|x64.ActiveCfg = CplusC|x64
		{9E81958B-61AE-4DE2-B254-CFD4260F64A6}.CplusC|x64.Build.0 = CplusC|x64
		{9E81958B-61AE-4DE2-B254-CFD4260F64A6}.CplusC|x86.ActiveCfg = CplusC|Win32
		{9E81958B-61AE-4DE2-B254-CFD4260F64A6}.CplusC|x86.Build.0 = CplusC|Win32
		{9E81958B-61AE-4DE2-B254-CFD4260F64A6}.CplusG|Any CPU.ActiveCfg = CPlusG|Win32
		{9E81958B-61AE-4DE2-B254-CFD4260F64A6}.CplusG|x64.ActiveCfg = CPlusG|x64
		{9E81958B-61AE-4DE2-B254-CFD4260F64A6}.CplusG|x64.Build.0 = CPlusG|x64
		{9E81958B-61AE-4DE2-B254-CFD4260F64A6}.CplusG|x86.ActiveCfg = CPlusG|Win32
		{9E81958B-61AE-4DE2-B254-CFD4260F64A6}.CplusG|x86.Build.0 = CPlusG|Win32
		{9E81958B-61AE-4DE2-B254-CFD4260F64A6}.Debug|Any CPU.ActiveCfg = Debug|Win32
		{9E81958B-61AE-4DE2-B254-CFD4260F64A6}.Debug|x64.ActiveCfg = Debug|x64
		{9E81958B-61AE-4DE2-B254-CFD4260F64A6}.Debug|x64.Build.0 = Debug|x64
		{9E81958B-61AE-4DE2-B254-CFD4260F64A6}.Debug|x86.ActiveCfg = Debug|Win32
		{9E81958B-61AE-4DE2-B254-CFD4260F64A6}.Debug|x86.Build.0 = Debug|Win32
		{9E81958B-61AE-4DE2-B254-CFD4260F64A6}.SharpC|Any CPU.ActiveCfg = SharpC|Win32
		{9E81958B-61AE-4DE2-B254-CFD4260F64A6}.SharpC|x64.ActiveCfg = SharpC|x64
		{9E81958B-61AE-4DE2-B254-CFD4260F64A6}.SharpC|x64.Build.0 = SharpC|x64
		{9E81958B-61AE-4DE2-B254-CFD4260F64A6}.SharpC|x86.ActiveCfg = SharpC|Win32
		{9E81958B-61AE-4DE2-B254-CFD4260F64A6}.SharpC|x86.Build.0 = SharpC|Win32
		{9E81958B-61AE-4DE2-B254-CFD4260F64A6}.SharpG|Any CPU.ActiveCfg = SharpG|Win32
		{9E81958B-61AE-4DE2-B254-CFD4260F64A6}.SharpG|x64.ActiveCfg = SharpG|x64
		{9E81958B-61AE-4DE2-B254-CFD4260F64A6}.SharpG|x64.Build.0 = SharpG|x64
		{9E81958B-61AE-4DE2-B254-CFD4260F64A6}.SharpG|x86.ActiveCfg = SharpG|Win32
		{9700E429-6846-4C83-89CF-1881147FE5D6}.CplusC|Any CPU.ActiveCfg = CplusC|x64
		{9700E429-6846-4C83-89CF-1881147FE5D6}.CplusC|x64.ActiveCfg = CplusC|x64
		{9700E429-6846-4C83-89CF-1881147FE5D6}.CplusC|x64.Build.0 = CplusC|x64
		{9700E429-6846-4C83-89CF-1881147FE5D6}.CplusC|x86.ActiveCfg = CplusC|Win32
		{9700E429-6846-4C83-89CF-1881147FE5D6}.CplusC|x86.Build.0 = CplusC|Win32
		{9700E429-6846-4C83-89CF-1881147FE5D6}.CplusG|Any CPU.ActiveCfg = CPlusG|Win32
		{9700E429-6846-4C83-89CF-1881147FE5D6}.CplusG|x64.ActiveCfg = CPlusG|x64
		{9700E429-6846-4C83-89CF-1881147FE5D6}.CplusG|x64.Build.0 = CPlusG|x64
		{9700E429-6846-4C83-89CF-1881147FE5D6}.CplusG|x86.ActiveCfg = CPlusG|Win32
		{9700E429-6846-4C83-89CF-1881147FE5D6}.CplusG|x86.Build.0 = CPlusG|Win32
		{9700E429-6846-4C83-89CF-1881147FE5D6}.Debug|Any CPU.ActiveCfg = Debug|Win32
		{9700E429-6846-4C83-89CF-1881147FE5D6}.Debug|x64.ActiveCfg = Debug|x64
		{9700E429-6846-4C83-89CF-1881147FE5D6}.Debug|x64.Build.0 = Debug|x64
		{9700E429-6846-4C83-89CF-1881147FE5D6}.Debug|x86.ActiveCfg = Debug|Win32
		{9700E429-6846-4C83-89CF-1881147FE5D6}.Debug|x86.Build.0 = Debug|Win32
		{9700E429-6846-4C83-89CF-1881147FE5D6}.SharpC|Any CPU.ActiveCfg = SharpC|Win32
		{9700E429-6846-4C83-89CF-1881147FE5D6}.SharpC|x64.ActiveCfg = SharpC|x64
		{9700E429-6846-4C83-89CF-1881147FE5D6}.SharpC|x64.Build.0 = SharpC|x64
		{9700E429-6846-4C83-89CF-1881147FE5D6}.SharpC|x86.ActiveCfg = SharpC|Win32
		{9700E429-6846-4C83-89CF-1881147FE5D6}.SharpC|x86.Build.0 = SharpC|Win32
		{9700E429-6846-4C83-89CF-1881147FE5D6}.SharpG|Any CPU.ActiveCfg = SharpG|Win32
		{9700E429-6846-4C83-89CF-1881147FE5D6}.SharpG|x64.ActiveCfg = SharpG|x64
		{9700E429-6846-4C83-89CF-1881147FE5D6}.SharpG|x64.Build.0 = SharpG|x64
		{9700E429-6846-4C83-89CF-1881147FE5D6}.SharpG|x86.ActiveCfg = SharpG|Win32
		{6E707998-0FB7-4690-97AA-B17D55993523}.CplusC|Any CPU.ActiveCfg = CplusC|x64
		{6E707998-0FB7-4690-97AA-B17D55993523}.CplusC|x64.ActiveCfg = CplusC|x64
		{6E707998-0FB7-4690-97AA-B17D55993523}.CplusC|x64.Build.0 = CplusC|x64
		{6E707998-0FB7-4690-97AA-B17D55993523}.CplusC|x86.ActiveCfg = CplusC|Win32
		{6E707998-0FB7-4690-97AA-B17D55993523}.CplusC|x86.Build.0 = CplusC|Win32
		{6E707998-0FB7-4690-97AA-B17D55993523}.CplusG|Any CPU.ActiveCfg = CPlusG|Win32
		{6E707998-0FB7-4690-97AA-B17D55993523}.CplusG|x64.ActiveCfg = CPlusG|x64
		{6E707998-0FB7-4690-97AA-B17D55993523}.CplusG|x64.Build.0 = CPlusG|x64
		{6E707998-0FB7-4690-97AA-B17D55993523}.CplusG|x86.ActiveCfg = CPlusG|Win32
		{6E707998-0FB7-4690-97AA-B17D55993523}.CplusG|x86.Build.0 = CPlusG|Win32
		{6E707998-0FB7-4690-97AA-B17D55993523}.Debug|Any CPU.ActiveCfg = Debug|Win32
		{6E707998-0FB7-4690-97AA-B17D55993523}.Debug|x64.ActiveCfg = Debug|x64
		{6E707998-0FB7-4690-97AA-B17D55993523}.Debug|x64.Build.0 = Debug|x64
		{6E707998-0FB7-4690-97AA-B17D55993523}.Debug|x86.ActiveCfg = Debug|Win32
		{6E707998-0FB7-4690-97AA-B17D55993523}.Debug|x86.Build.0 = Debug|Win32
		{6E707998-0FB7-4690-97AA-B17D55993523}.SharpC|Any CPU.ActiveCfg = SharpC|Win32
		{6E707998-0FB7-4690-97AA-B17D55993523}.SharpC|x64.ActiveCfg = SharpC|x64
		{6E707998-0FB7-4690-97AA-B17D55993523}.SharpC|x64.Build.0 = SharpC|x64
		{6E707998-0FB7-4690-97AA-B17D55993523}.SharpC|x86.ActiveCfg = SharpC|Win32
		{6E707998-0FB7-4690-97AA-B17D55993523}.SharpC|x86.Build.0 = SharpC|Win32
		{6E707998-0FB7-4690-97AA-B17D55993523}.SharpG|Any CPU.ActiveCfg = SharpG|Win32
		{6E707998-0FB7-4690-97AA-B17D55993523}.SharpG|x64.ActiveCfg = SharpG|x64
		{6E707998-0FB7-4690-97AA-B17D55993523}.SharpG|x64.Build.0 = SharpG|x64
		{6E707998-0FB7-4690-97AA-B17D55993523}.SharpG|x86.ActiveCfg = SharpG|Win32
		{54383CC0-5F2C-4F59-BCAD-D8613FE83AF8}.CplusC|Any CPU.ActiveCfg = CplusC|x64
		{54383CC0-5F2C-4F59-BCAD-D8613FE83AF8}.CplusC|x64.ActiveCfg = CplusC|x64
		{54383CC0-5F2C-4F59-BCAD-D8613FE83AF8}.CplusC|x64.Build.0 = CplusC|x64
		{54383CC0-5F2C-4F59-BCAD-D8613FE83AF8}.CplusC|x86.ActiveCfg = CplusC|Win32
		{54383CC0-5F2C-4F59-BCAD-D8613FE83AF8}.CplusC|x86.Build.0 = CplusC|Win32
		{54383CC0-5F2C-4F59-BCAD-D8613FE83AF8}.CplusG|Any CPU.ActiveCfg = CPlusG|Win32
		{54383CC0-5F2C-4F59-BCAD-D8613FE83AF8}.CplusG|x64.ActiveCfg = CPlusG|x64
		{54383CC0-5F2C-4F59-BCAD-D8613FE83AF8}.CplusG|x64.Build.0 = CPlusG|x64
		{54383CC0-5F2C-4F59-BCAD-D8613FE83AF8}.CplusG|x86.ActiveCfg = CPlusG|Win32
		{54383CC0-5F2C-4F59-BCAD-D8613FE83AF8}.CplusG|x86.Build.0 = CPlusG|Win32
		{54383CC0-5F2C-4F59-BCAD-D8613FE83AF8}.Debug|Any CPU.ActiveCfg = Debug|Win32
		{54383CC0-5F2C-4F59-BCAD-D8613FE83AF8}.Debug|x64.ActiveCfg = Debug|x64
		{54383CC0-5F2C-4F59-BCAD-D8613FE83AF8}.Debug|x64.Build.0 = Debug|x64
		{54383CC0-5F2C-4F59-BCAD-D8613FE83AF8}.Debug|x86.ActiveCfg = Debug|Win32
		{54383CC0-5F2C-4F59-BCAD-D8613FE83AF8}.Debug|x86.Build.0 = Debug|Win32
		{54383CC0-5F2C-4F59-BCAD-D8613FE83AF8}.SharpC|Any CPU.ActiveCfg = SharpC|Win32
		{54383CC0-5F2C-4F59-BCAD-D8613FE83AF8}.SharpC|x64.ActiveCfg = SharpC|x64
		{54383CC0-5F2C-4F59-BCAD-D8613FE83AF8}.SharpC|x64.Build.0 = SharpC|x64
		{54383CC0-5F2C-4F59-BCAD-D8613FE83AF8}.SharpC|x86.ActiveCfg = SharpC|Win32
		{54383CC0-5F2C-4F59-BCAD-D8613FE83AF8}.SharpC|x86.Build.0 = SharpC|Win32
		{54383CC0-5F2C-4F59-BCAD-D8613FE83AF8}.SharpG|Any CPU.ActiveCfg = SharpG|Win32
		{54383CC0-5F2C-4F59-BCAD-D8613FE83AF8}.SharpG|x64.ActiveCfg = SharpG|x64
		{54383CC0-5F2C-4F59-BCAD-D8613FE83AF8}.SharpG|x64.Build.0 = SharpG|x64
		{54383CC0-5F2C-4F59-BCAD-D8613FE83AF8}.SharpG|x86.ActiveCfg = SharpG|Win32
		{0F56CCED-AA44-4767-B843-7A45227946CF}.CplusC|Any CPU.ActiveCfg = CplusC|x64
		{0F56CCED-AA44-4767-B843-7A45227946CF}.CplusC|x64.ActiveCfg = CplusC|x64
		{0F56CCED-AA44-4767-B843-7A45227946CF}.CplusC|x64.Build.0 = CplusC|x64
		{0F56CCED-AA44-4767-B843-7A45227946CF}.CplusC|x86.ActiveCfg = CplusC|Win32
		{0F56CCED-AA44-4767-B843-7A45227946CF}.CplusC|x86.Build.0 = CplusC|Win32
		{0F56CCED-AA44-4767-B843-7A45227946CF}.CplusG|Any CPU.ActiveCfg = CPlusG|Win32
		{0F56CCED-AA44-4767-B843-7A45227946CF}.CplusG|x64.ActiveCfg = CPlusG|x64
		{0F56CCED-AA44-4767-B843-7A45227946CF}.CplusG|x64.Build.0 = CPlusG|x64
		{0F56CCED-AA44-4767-B843-7A45227946CF}.CplusG|x86.ActiveCfg = CPlusG|Win32
		{0F56CCED-AA44-4767-B843-7A45227946CF}.CplusG|x86.Build.0 = CPlusG|Win32
		{0F56CCED-AA44-4767-B843-7A45227946CF}.Debug|Any CPU.ActiveCfg = Debug|Win32
		{0F56CCED-AA44-4767-B843-7A45227946CF}.Debug|x64.ActiveCfg = Debug|x64
		{0F56CCED-AA44-4767-B843-7A45227946CF}.Debug|x64.Build.0 = Debug|x64
		{0F56CCED-AA44-4767-B843-7A45227946CF}.Debug|x86.ActiveCfg = Debug|Win32
		{0F56CCED-AA44-4767-B843-7A45227946CF}.Debug|x86.Build.0 = Debug|Win32
		{0F56CCED-AA44-4767-B843-7A45227946CF}.SharpC|Any CPU.ActiveCfg = SharpC|Win32
		{0F56CCED-AA44-4767-B843-7A45227946CF}.SharpC|x64.ActiveCfg = SharpC|x64
		{0F56CCED-AA44-4767-B843-7A45227946CF}.SharpC|x64.Build.0 = SharpC|x64
		{0F56CCED-AA44-4767-B843-7A45227946CF}.SharpC|x86.ActiveCfg = SharpC|Win32
		{0F56CCED-AA44-4767-B843-7A45227946CF}.SharpC|x86.Build.0 = SharpC|Win32
		{0F56CCED-AA44-4767-B843-7A45227946CF}.SharpG|Any CPU.ActiveCfg = SharpG|Win32
		{0F56CCED-AA44-4767-B843-7A45227946CF}.SharpG|x64.ActiveCfg = SharpG|x64
		{0F56CCED-AA44-4767-B843-7A45227946CF}.SharpG|x64.Build.0 = SharpG|x64
		{0F56CCED-AA44-4767-B843-7A45227946CF}.SharpG|x86.ActiveCfg = SharpG|Win32
		{B1DBDA1F-7496-49BC-B423-C8924AA8E126}.CplusC|Any CPU.ActiveCfg = CplusC|x64
		{B1DBDA1F-7496-49BC-B423-C8924AA8E126}.CplusC|x64.ActiveCfg = CplusC|x64
		{B1DBDA1F-7496-49BC-B423-C8924AA8E126}.CplusC|x64.Build.0 = CplusC|x64
		{B1DBDA1F-7496-49BC-B423-C8924AA8E126}.CplusC|x86.ActiveCfg = CplusC|Win32
		{B1DBDA1F-7496-49BC-B423-C8924AA8E126}.CplusC|x86.Build.0 = CplusC|Win32
		{B1DBDA1F-7496-49BC-B423-C8924AA8E126}.CplusG|Any CPU.ActiveCfg = CPlusG|Win32
		{B1DBDA1F-7496-49BC-B423-C8924AA8E126}.CplusG|x64.ActiveCfg = CPlusG|x64
		{B1DBDA1F-7496-49BC-B423-C8924AA8E126}.CplusG|x64.Build.0 = CPlusG|x64
		{B1DBDA1F-7496-49BC-B423-C8924AA8E126}.CplusG|x86.ActiveCfg = CPlusG|Win32
		{B1DBDA1F-7496-49BC-B423-C8924AA8E126}.CplusG|x86.Build.0 = CPlusG|Win32
		{B1DBDA1F-7496-49BC-B423-C8924AA8E126}.Debug|Any CPU.ActiveCfg = Debug|Win32
		{B1DBDA1F-7496-49BC-B423-C8924AA8E126}.Debug|x64.ActiveCfg = Debug|x64
		{B1DBDA1F-7496-49BC-B423-C8924AA8E126}.Debug|x64.Build.0 = Debug|x64
		{B1DBDA1F-7496-49BC-B423-C8924AA8E126}.Debug|x86.ActiveCfg = Debug|Win32
		{B1DBDA1F-7496-49BC-B423-C8924AA8E126}.Debug|x86.Build.0 = Debug|Win32
		{B1DBDA1F-7496-49BC-B423-C8924AA8E126}.SharpC|Any CPU.ActiveCfg = SharpC|Win32
		{B1DBDA1F-7496-49BC-B423-C8924AA8E126}.SharpC|x64.ActiveCfg = SharpC|x64
		{B1DBDA1F-7496-49BC-B423-C8924AA8E126}.SharpC|x64.Build.0 = SharpC|x64
		{B1DBDA1F-7496-49BC-B423-C8924AA8E126}.SharpC|x86.ActiveCfg = SharpC|Win32
		{B1DBDA1F-7496-49BC-B423-C8924AA8E126}.SharpC|x86.Build.0 = SharpC|Win32
		{B1DBDA1F-7496-49BC-B423-C8924AA8E126}.SharpG|Any CPU.ActiveCfg = SharpG|Win32
		{B1DBDA1F-7496-49BC-B423-C8924AA8E126}.SharpG|x64.ActiveCfg = SharpG|x64
		{B1DBDA1F-7496-49BC-B423-C8924AA8E126}.SharpG|x64.Build.0 = SharpG|x64
		{B1DBDA1F-7496-49BC-B423-C8924AA8E126}.SharpG|x86.ActiveCfg = SharpG|Win32
		{A62873EE-5FA6-4729-BEA1-8BA45C9127F8}.CplusC|Any CPU.ActiveCfg = CplusC|x64
		{A62873EE-5FA6-4729-BEA1-8BA45C9127F8}.CplusC|x64.ActiveCfg = CplusC|x64
		{A62873EE-5FA6-4729-BEA1-8BA45C9127F8}.CplusC|x64.Build.0 = CplusC|x64
		{A62873EE-5FA6-4729-BEA1-8BA45C9127F8}.CplusC|x86.ActiveCfg = CplusC|Win32
		{A62873EE-5FA6-4729-BEA1-8BA45C9127F8}.CplusC|x86.Build.0 = CplusC|Win32
		{A62873EE-5FA6-4729-BEA1-8BA45C9127F8}.CplusG|Any CPU.ActiveCfg = CPlusG|Win32
		{A62873EE-5FA6-4729-BEA1-8BA45C9127F8}.CplusG|x64.ActiveCfg = CPlusG|x64
		{A62873EE-5FA6-4729-BEA1-8BA45C9127F8}.CplusG|x64.Build.0 = CPlusG|x64
		{A62873EE-5FA6-4729-BEA1-8BA45C9127F8}.CplusG|x86.ActiveCfg = CPlusG|Win32
		{A62873EE-5FA6-4729-BEA1-8BA45C9127F8}.CplusG|x86.Build.0 = CPlusG|Win32
		{A62873EE-5FA6-4729-BEA1-8BA45C9127F8}.Debug|Any CPU.ActiveCfg = Debug|Win32
		{A62873EE-5FA6-4729-BEA1-8BA45C9127F8}.Debug|x64.ActiveCfg = Debug|x64
		{A62873EE-5FA6-4729-BEA1-8BA45C9127F8}.Debug|x64.Build.0 = Debug|x64
		{A62873EE-5FA6-4729-BEA1-8BA45C9127F8}.Debug|x86.ActiveCfg = Debug|Win32
		{A62873EE-5FA6-4729-BEA1-8BA45C9127F8}.Debug|x86.Build.0 = Debug|Win32
		{A62873EE-5FA6-4729-BEA1-8BA45C9127F8}.SharpC|Any CPU.ActiveCfg = SharpC|Win32
		{A62873EE-5FA6-4729-BEA1-8BA45C9127F8}.SharpC|x64.ActiveCfg = SharpC|x64
		{A62873EE-5FA6-4729-BEA1-8BA45C9127F8}.SharpC|x64.Build.0 = SharpC|x64
		{A62873EE-5FA6-4729-BEA1-8BA45C9127F8}.SharpC|x86.ActiveCfg = SharpC|Win32
		{A62873EE-5FA6-4729-BEA1-8BA45C9127F8}.SharpC|x86.Build.0 = SharpC|Win32
		{A62873EE-5FA6-4729-BEA1-8BA45C9127F8}.SharpG|Any CPU.ActiveCfg = SharpG|Win32
		{A62873EE-5FA6-4729-BEA1-8BA45C9127F8}.SharpG|x64.ActiveCfg = SharpG|x64
		{A62873EE-5FA6-4729-BEA1-8BA45C9127F8}.SharpG|x64.Build.0 = SharpG|x64
		{A62873EE-5FA6-4729-BEA1-8BA45C9127F8}.SharpG|x86.ActiveCfg = SharpG|Win32
		{D7880356-7B3E-4F4B-A41A-A4A1FC03791D}.CplusC|Any CPU.ActiveCfg = CplusC|x64
		{D7880356-7B3E-4F4B-A41A-A4A1FC03791D}.CplusC|x64.ActiveCfg = CplusC|x64
		{D7880356-7B3E-4F4B-A41A-A4A1FC03791D}.CplusC|x64.Build.0 = CplusC|x64
		{D7880356-7B3E-4F4B-A41A-A4A1FC03791D}.CplusC|x86.ActiveCfg = CplusC|Win32
		{D7880356-7B3E-4F4B-A41A-A4A1FC03791D}.CplusC|x86.Build.0 = CplusC|Win32
		{D7880356-7B3E-4F4B-A41A-A4A1FC03791D}.CplusG|Any CPU.ActiveCfg = CPlusG|Win32
		{D7880356-7B3E-4F4B-A41A-A4A1FC03791D}.CplusG|x64.ActiveCfg = CPlusG|x64
		{D7880356-7B3E-4F4B-A41A-A4A1FC03791D}.CplusG|x64.Build.0 = CPlusG|x64
		{D7880356-7B3E-4F4B-A41A-A4A1FC03791D}.CplusG|x86.ActiveCfg = CPlusG|Win32
		{D7880356-7B3E-4F4B-A41A-A4A1FC03791D}.CplusG|x86.Build.0 = CPlusG|Win32
		{D7880356-7B3E-4F4B-A41A-A4A1FC03791D}.Debug|Any CPU.ActiveCfg = Debug|Win32
		{D7880356-7B3E-4F4B-A41A-A4A1FC03791D}.Debug|x64.ActiveCfg = Debug|x64
		{D7880356-7B3E-4F4B-A41A-A4A1FC03791D}.Debug|x64.Build.0 = Debug|x64
		{D7880356-7B3E-4F4B-A41A-A4A1FC03791D}.Debug|x86.ActiveCfg = Debug|Win32
		{D7880356-7B3E-4F4B-A41A-A4A1FC03791D}.Debug|x86.Build.0 = Debug|Win32
		{D7880356-7B3E-4F4B-A41A-A4A1FC03791D}.SharpC|Any CPU.ActiveCfg = SharpC|Win32
		{D7880356-7B3E-4F4B-A41A-A4A1FC03791D}.SharpC|x64.ActiveCfg = SharpC|x64
		{D7880356-7B3E-4F4B-A41A-A4A1FC03791D}.SharpC|x64.Build.0 = SharpC|x64
		{D7880356-7B3E-4F4B-A41A-A4A1FC03791D}.SharpC|x86.ActiveCfg = SharpC|Win32
		{D7880356-7B3E-4F4B-A41A-A4A1FC03791D}.SharpC|x86.Build.0 = SharpC|Win32
		{D7880356-7B3E-4F4B-A41A-A4A1FC03791D}.SharpG|Any CPU.ActiveCfg = SharpG|Win32
		{D7880356-7B3E-4F4B-A41A-A4A1FC03791D}.SharpG|x64.ActiveCfg = SharpG|x64
		{D7880356-7B3E-4F4B-A41A-A4A1FC03791D}.SharpG|x64.Build.0 = SharpG|x64
		{D7880356-7B3E-4F4B-A41A-A4A1FC03791D}.SharpG|x86.ActiveCfg = SharpG|Win32
		{D73D41D7-9C35-4E48-A85A-ABA45068223A}.CplusC|Any CPU.ActiveCfg = CplusC|x64
		{D73D41D7-9C35-4E48-A85A-ABA45068223A}.CplusC|x64.ActiveCfg = CplusC|x64
		{D73D41D7-9C35-4E48-A85A-ABA45068223A}.CplusC|x64.Build.0 = CplusC|x64
		{D73D41D7-9C35-4E48-A85A-ABA45068223A}.CplusC|x86.ActiveCfg = CplusC|Win32
		{D73D41D7-9C35-4E48-A85A-ABA45068223A}.CplusC|x86.Build.0 = CplusC|Win32
		{D73D41D7-9C35-4E48-A85A-ABA45068223A}.CplusG|Any CPU.ActiveCfg = CPlusG|Win32
		{D73D41D7-9C35-4E48-A85A-ABA45068223A}.CplusG|x64.ActiveCfg = CPlusG|x64
		{D73D41D7-9C35-4E48-A85A-ABA45068223A}.CplusG|x64.Build.0 = CPlusG|x64
		{D73D41D7-9C35-4E48-A85A-ABA45068223A}.CplusG|x86.ActiveCfg = CPlusG|Win32
		{D73D41D7-9C35-4E48-A85A-ABA45068223A}.CplusG|x86.Build.0 = CPlusG|Win32
		{D73D41D7-9C35-4E48-A85A-ABA45068223A}.Debug|Any CPU.ActiveCfg = Debug|Win32
		{D73D41D7-9C35-4E48-A85A-ABA45068223A}.Debug|x64.ActiveCfg = Debug|x64
		{D73D41D7-9C35-4E48-A85A-ABA45068223A}.Debug|x64.Build.0 = Debug|x64
		{D73D41D7-9C35-4E48-A85A-ABA45068223A}.Debug|x86.ActiveCfg = Debug|Win32
		{D73D41D7-9C35-4E48-A85A-ABA45068223A}.Debug|x86.Build.0 = Debug|Win32
		{D73D41D7-9C35-4E48-A85A-ABA45068223A}.SharpC|Any CPU.ActiveCfg = SharpC|Win32
		{D73D41D7-9C35-4E48-A85A-ABA45068223A}.SharpC|x64.ActiveCfg = SharpC|x64
		{D73D41D7-9C35-4E48-A85A-ABA45068223A}.SharpC|x64.Build.0 = SharpC|x64
		{D73D41D7-9C35-4E48-A85A-ABA45068223A}.SharpC|x86.ActiveCfg = SharpC|Win32
		{D73D41D7-9C35-4E48-A85A-ABA45068223A}.SharpC|x86.Build.0 = SharpC|Win32
		{D73D41D7-9C35-4E48-A85A-ABA45068223A}.SharpG|Any CPU.ActiveCfg = SharpG|Win32
		{D73D41D7-9C35-4E48-A85A-ABA45068223A}.SharpG|x64.ActiveCfg = SharpG|x64
		{D73D41D7-9C35-4E48-A85A-ABA45068223A}.SharpG|x64.Build.0 = SharpG|x64
		{D73D41D7-9C35-4E48-A85A-ABA45068223A}.SharpG|x86.ActiveCfg = SharpG|Win32
		{70049867-7840-4450-A777-95364EB75146}.CplusC|Any CPU.ActiveCfg = CplusC|x64
		{70049867-7840-4450-A777-95364EB75146}.CplusC|x64.ActiveCfg = CplusC|x64
		{70049867-7840-4450-A777-95364EB75146}.CplusC|x64.Build.0 = CplusC|x64
		{70049867-7840-4450-A777-95364EB75146}.CplusC|x86.ActiveCfg = CplusC|Win32
		{70049867-7840-4450-A777-95364EB75146}.CplusC|x86.Build.0 = CplusC|Win32
		{70049867-7840-4450-A777-95364EB75146}.CplusG|Any CPU.ActiveCfg = CPlusG|Win32
		{70049867-7840-4450-A777-95364EB75146}.CplusG|x64.ActiveCfg = CPlusG|x64
		{70049867-7840-4450-A777-95364EB75146}.CplusG|x64.Build.0 = CPlusG|x64
		{70049867-7840-4450-A777-95364EB75146}.CplusG|x86.ActiveCfg = CPlusG|Win32
		{70049867-7840-4450-A777-95364EB75146}.CplusG|x86.Build.0 = CPlusG|Win32
		{70049867-7840-4450-A777-95364EB75146}.Debug|Any CPU.ActiveCfg = Debug|Win32
		{70049867-7840-4450-A777-95364EB75146}.Debug|x64.ActiveCfg = Debug|x64
		{70049867-7840-4450-A777-95364EB75146}.Debug|x64.Build.0 = Debug|x64
		{70049867-7840-4450-A777-95364EB75146}.Debug|x86.ActiveCfg = Debug|Win32
		{70049867-7840-4450-A777-95364EB75146}.Debug|x86.Build.0 = Debug|Win32
		{70049867-7840-4450-A777-95364EB75146}.SharpC|Any CPU.ActiveCfg = SharpC|Win32
		{70049867-7840-4450-A777-95364EB75146}.SharpC|x64.ActiveCfg = SharpC|x64
		{70049867-7840-4450-A777-95364EB75146}.SharpC|x64.Build.0 = SharpC|x64
		{70049867-7840-4450-A777-95364EB75146}.SharpC|x86.ActiveCfg = SharpC|Win32
		{70049867-7840-4450-A777-95364EB75146}.SharpC|x86.Build.0 = SharpC|Win32
		{70049867-7840-4450-A777-95364EB75146}.SharpG|Any CPU.ActiveCfg = SharpG|Win32
		{70049867-7840-4450-A777-95364EB75146}.SharpG|x64.ActiveCfg = SharpG|x64
		{70049867-7840-4450-A777-95364EB75146}.SharpG|x64.Build.0 = SharpG|x64
		{70049867-7840-4450-A777-95364EB75146}.SharpG|x86.ActiveCfg = SharpG|Win32
		{B8B72223-57C8-4771-8BBF-D42E597A4A5B}.CplusC|Any CPU.ActiveCfg = CplusC|x64
		{B8B72223-57C8-4771-8BBF-D42E597A4A5B}.CplusC|x64.ActiveCfg = CplusC|x64
		{B8B72223-57C8-4771-8BBF-D42E597A4A5B}.CplusC|x64.Build.0 = CplusC|x64
		{B8B72223-57C8-4771-8BBF-D42E597A4A5B}.CplusC|x86.ActiveCfg = CplusC|Win32
		{B8B72223-57C8-4771-8BBF-D42E597A4A5B}.CplusC|x86.Build.0 = CplusC|Win32
		{B8B72223-57C8-4771-8BBF-D42E597A4A5B}.CplusG|Any CPU.ActiveCfg = CPlusG|Win32
		{B8B72223-57C8-4771-8BBF-D42E597A4A5B}.CplusG|x64.ActiveCfg = CPlusG|x64
		{B8B72223-57C8-4771-8BBF-D42E597A4A5B}.CplusG|x64.Build.0 = CPlusG|x64
		{B8B72223-57C8-4771-8BBF-D42E597A4A5B}.CplusG|x86.ActiveCfg = CPlusG|Win32
		{B8B72223-57C8-4771-8BBF-D42E597A4A5B}.CplusG|x86.Build.0 = CPlusG|Win32
		{B8B72223-57C8-4771-8BBF-D42E597A4A5B}.Debug|Any CPU.ActiveCfg = Debug|Win32
		{B8B72223-57C8-4771-8BBF-D42E597A4A5B}.Debug|x64.ActiveCfg = Debug|x64
		{B8B72223-57C8-4771-8BBF-D42E597A4A5B}.Debug|x64.Build.0 = Debug|x64
		{B8B72223-57C8-4771-8BBF-D42E597A4A5B}.Debug|x86.ActiveCfg = Debug|Win32
		{B8B72223-57C8-4771-8BBF-D42E597A4A5B}.Debug|x86.Build.0 = Debug|Win32
		{B8B72223-57C8-4771-8BBF-D42E597A4A5B}.SharpC|Any CPU.ActiveCfg = SharpC|Win32
		{B8B72223-57C8-4771-8BBF-D42E597A4A5B}.SharpC|x64.ActiveCfg = SharpC|x64
		{B8B72223-57C8-4771-8BBF-D42E597A4A5B}.SharpC|x64.Build.0 = SharpC|x64
		{B8B72223-57C8-4771-8BBF-D42E597A4A5B}.SharpC|x86.ActiveCfg = SharpC|Win32
		{B8B72223-57C8-4771-8BBF-D42E597A4A5B}.SharpC|x86.Build.0 = SharpC|Win32
		{B8B72223-57C8-4771-8BBF-D42E597A4A5B}.SharpG|Any CPU.ActiveCfg = SharpG|Win32
		{B8B72223-57C8-4771-8BBF-D42E597A4A5B}.SharpG|x64.ActiveCfg = SharpG|x64
		{B8B72223-57C8-4771-8BBF-D42E597A4A5B}.SharpG|x64.Build.0 = SharpG|x64
		{B8B72223-57C8-4771-8BBF-D42E597A4A5B}.SharpG|x86.ActiveCfg = SharpG|Win32
		{A2764D42-919E-4817-927F-BB6CF13CEEC1}.CplusC|Any CPU.ActiveCfg = CplusC|x64
		{A2764D42-919E-4817-927F-BB6CF13CEEC1}.CplusC|Any CPU.Build.0 = CplusC|x64
		{A2764D42-919E-4817-927F-BB6CF13CEEC1}.CplusC|x64.ActiveCfg = CplusC|x64
		{A2764D42-919E-4817-927F-BB6CF13CEEC1}.CplusC|x64.Build.0 = CplusC|x64
		{A2764D42-919E-4817-927F-BB6CF13CEEC1}.CplusC|x86.ActiveCfg = CplusC|Any CPU
		{A2764D42-919E-4817-927F-BB6CF13CEEC1}.CplusC|x86.Build.0 = CplusC|Any CPU
		{A2764D42-919E-4817-927F-BB6CF13CEEC1}.CplusG|Any CPU.ActiveCfg = CPlusG|Any CPU
		{A2764D42-919E-4817-927F-BB6CF13CEEC1}.CplusG|Any CPU.Build.0 = CPlusG|Any CPU
		{A2764D42-919E-4817-927F-BB6CF13CEEC1}.CplusG|x64.ActiveCfg = CPlusG|x64
		{A2764D42-919E-4817-927F-BB6CF13CEEC1}.CplusG|x64.Build.0 = CPlusG|x64
		{A2764D42-919E-4817-927F-BB6CF13CEEC1}.CplusG|x86.ActiveCfg = CPlusG|Any CPU
		{A2764D42-919E-4817-927F-BB6CF13CEEC1}.CplusG|x86.Build.0 = CPlusG|Any CPU
		{A2764D42-919E-4817-927F-BB6CF13CEEC1}.Debug|Any CPU.ActiveCfg = Debug|Any CPU
		{A2764D42-919E-4817-927F-BB6CF13CEEC1}.Debug|Any CPU.Build.0 = Debug|Any CPU
		{A2764D42-919E-4817-927F-BB6CF13CEEC1}.Debug|x64.ActiveCfg = Debug|x64
		{A2764D42-919E-4817-927F-BB6CF13CEEC1}.Debug|x64.Build.0 = Debug|x64
		{A2764D42-919E-4817-927F-BB6CF13CEEC1}.Debug|x86.ActiveCfg = Debug|Any CPU
		{A2764D42-919E-4817-927F-BB6CF13CEEC1}.Debug|x86.Build.0 = Debug|Any CPU
		{A2764D42-919E-4817-927F-BB6CF13CEEC1}.SharpC|Any CPU.ActiveCfg = SharpC|Any CPU
		{A2764D42-919E-4817-927F-BB6CF13CEEC1}.SharpC|Any CPU.Build.0 = SharpC|Any CPU
		{A2764D42-919E-4817-927F-BB6CF13CEEC1}.SharpC|x64.ActiveCfg = SharpC|x64
		{A2764D42-919E-4817-927F-BB6CF13CEEC1}.SharpC|x64.Build.0 = SharpC|x64
		{A2764D42-919E-4817-927F-BB6CF13CEEC1}.SharpC|x86.ActiveCfg = SharpC|Any CPU
		{A2764D42-919E-4817-927F-BB6CF13CEEC1}.SharpC|x86.Build.0 = SharpC|Any CPU
		{A2764D42-919E-4817-927F-BB6CF13CEEC1}.SharpG|Any CPU.ActiveCfg = SharpG|Any CPU
		{A2764D42-919E-4817-927F-BB6CF13CEEC1}.SharpG|Any CPU.Build.0 = SharpG|Any CPU
		{A2764D42-919E-4817-927F-BB6CF13CEEC1}.SharpG|x64.ActiveCfg = SharpG|x64
		{A2764D42-919E-4817-927F-BB6CF13CEEC1}.SharpG|x64.Build.0 = SharpG|x64
		{A2764D42-919E-4817-927F-BB6CF13CEEC1}.SharpG|x86.ActiveCfg = SharpG|Any CPU
		{A2764D42-919E-4817-927F-BB6CF13CEEC1}.SharpG|x86.Build.0 = SharpG|Any CPU
		{6FCF7CB3-7523-442B-BA36-E65EF38A5598}.CplusC|Any CPU.ActiveCfg = CplusC|x64
		{6FCF7CB3-7523-442B-BA36-E65EF38A5598}.CplusC|x64.ActiveCfg = CplusC|x64
		{6FCF7CB3-7523-442B-BA36-E65EF38A5598}.CplusC|x64.Build.0 = CplusC|x64
		{6FCF7CB3-7523-442B-BA36-E65EF38A5598}.CplusC|x86.ActiveCfg = CplusC|Win32
		{6FCF7CB3-7523-442B-BA36-E65EF38A5598}.CplusC|x86.Build.0 = CplusC|Win32
		{6FCF7CB3-7523-442B-BA36-E65EF38A5598}.CplusG|Any CPU.ActiveCfg = CPlusG|Win32
		{6FCF7CB3-7523-442B-BA36-E65EF38A5598}.CplusG|x64.ActiveCfg = CPlusG|x64
		{6FCF7CB3-7523-442B-BA36-E65EF38A5598}.CplusG|x64.Build.0 = CPlusG|x64
		{6FCF7CB3-7523-442B-BA36-E65EF38A5598}.CplusG|x86.ActiveCfg = CPlusG|Win32
		{6FCF7CB3-7523-442B-BA36-E65EF38A5598}.CplusG|x86.Build.0 = CPlusG|Win32
		{6FCF7CB3-7523-442B-BA36-E65EF38A5598}.Debug|Any CPU.ActiveCfg = Debug|Win32
		{6FCF7CB3-7523-442B-BA36-E65EF38A5598}.Debug|x64.ActiveCfg = Debug|x64
		{6FCF7CB3-7523-442B-BA36-E65EF38A5598}.Debug|x64.Build.0 = Debug|x64
		{6FCF7CB3-7523-442B-BA36-E65EF38A5598}.Debug|x86.ActiveCfg = Debug|Win32
		{6FCF7CB3-7523-442B-BA36-E65EF38A5598}.Debug|x86.Build.0 = Debug|Win32
		{6FCF7CB3-7523-442B-BA36-E65EF38A5598}.SharpC|Any CPU.ActiveCfg = SharpC|Win32
		{6FCF7CB3-7523-442B-BA36-E65EF38A5598}.SharpC|x64.ActiveCfg = SharpC|x64
		{6FCF7CB3-7523-442B-BA36-E65EF38A5598}.SharpC|x64.Build.0 = SharpC|x64
		{6FCF7CB3-7523-442B-BA36-E65EF38A5598}.SharpC|x86.ActiveCfg = SharpC|Win32
		{6FCF7CB3-7523-442B-BA36-E65EF38A5598}.SharpC|x86.Build.0 = SharpC|Win32
		{6FCF7CB3-7523-442B-BA36-E65EF38A5598}.SharpG|Any CPU.ActiveCfg = SharpG|Win32
		{6FCF7CB3-7523-442B-BA36-E65EF38A5598}.SharpG|x64.ActiveCfg = SharpG|x64
		{6FCF7CB3-7523-442B-BA36-E65EF38A5598}.SharpG|x64.Build.0 = SharpG|x64
		{6FCF7CB3-7523-442B-BA36-E65EF38A5598}.SharpG|x86.ActiveCfg = SharpG|Win32
		{F84120F7-43E0-44D9-AA16-DAE8B0C0EFD2}.CplusC|Any CPU.ActiveCfg = Debug|x64
		{F84120F7-43E0-44D9-AA16-DAE8B0C0EFD2}.CplusC|Any CPU.Build.0 = Debug|x64
		{F84120F7-43E0-44D9-AA16-DAE8B0C0EFD2}.CplusC|x64.ActiveCfg = CPlusG|x64
		{F84120F7-43E0-44D9-AA16-DAE8B0C0EFD2}.CplusC|x64.Build.0 = CPlusG|x64
		{F84120F7-43E0-44D9-AA16-DAE8B0C0EFD2}.CplusC|x86.ActiveCfg = CPlusG|Win32
		{F84120F7-43E0-44D9-AA16-DAE8B0C0EFD2}.CplusC|x86.Build.0 = CPlusG|Win32
		{F84120F7-43E0-44D9-AA16-DAE8B0C0EFD2}.CplusG|Any CPU.ActiveCfg = CPlusG|Win32
		{F84120F7-43E0-44D9-AA16-DAE8B0C0EFD2}.CplusG|x64.ActiveCfg = CPlusG|x64
		{F84120F7-43E0-44D9-AA16-DAE8B0C0EFD2}.CplusG|x64.Build.0 = CPlusG|x64
		{F84120F7-43E0-44D9-AA16-DAE8B0C0EFD2}.CplusG|x86.ActiveCfg = CPlusG|Win32
		{F84120F7-43E0-44D9-AA16-DAE8B0C0EFD2}.CplusG|x86.Build.0 = CPlusG|Win32
		{F84120F7-43E0-44D9-AA16-DAE8B0C0EFD2}.Debug|Any CPU.ActiveCfg = Debug|Win32
		{F84120F7-43E0-44D9-AA16-DAE8B0C0EFD2}.Debug|x64.ActiveCfg = Debug|x64
		{F84120F7-43E0-44D9-AA16-DAE8B0C0EFD2}.Debug|x64.Build.0 = Debug|x64
		{F84120F7-43E0-44D9-AA16-DAE8B0C0EFD2}.Debug|x86.ActiveCfg = Debug|Win32
		{F84120F7-43E0-44D9-AA16-DAE8B0C0EFD2}.Debug|x86.Build.0 = Debug|Win32
		{F84120F7-43E0-44D9-AA16-DAE8B0C0EFD2}.SharpC|Any CPU.ActiveCfg = Debug|x64
		{F84120F7-43E0-44D9-AA16-DAE8B0C0EFD2}.SharpC|Any CPU.Build.0 = Debug|x64
		{F84120F7-43E0-44D9-AA16-DAE8B0C0EFD2}.SharpC|x64.ActiveCfg = Debug|x64
		{F84120F7-43E0-44D9-AA16-DAE8B0C0EFD2}.SharpC|x64.Build.0 = Debug|x64
		{F84120F7-43E0-44D9-AA16-DAE8B0C0EFD2}.SharpC|x86.ActiveCfg = CPlusG|Win32
		{F84120F7-43E0-44D9-AA16-DAE8B0C0EFD2}.SharpC|x86.Build.0 = CPlusG|Win32
		{F84120F7-43E0-44D9-AA16-DAE8B0C0EFD2}.SharpG|Any CPU.ActiveCfg = Debug|x64
		{F84120F7-43E0-44D9-AA16-DAE8B0C0EFD2}.SharpG|Any CPU.Build.0 = Debug|x64
		{F84120F7-43E0-44D9-AA16-DAE8B0C0EFD2}.SharpG|x64.ActiveCfg = Debug|x64
		{F84120F7-43E0-44D9-AA16-DAE8B0C0EFD2}.SharpG|x64.Build.0 = Debug|x64
		{F84120F7-43E0-44D9-AA16-DAE8B0C0EFD2}.SharpG|x86.ActiveCfg = CPlusG|Win32
		{F84120F7-43E0-44D9-AA16-DAE8B0C0EFD2}.SharpG|x86.Build.0 = CPlusG|Win32
	EndGlobalSection
	GlobalSection(SolutionProperties) = preSolution
		HideSolutionNode = FALSE
	EndGlobalSection
	GlobalSection(ExtensibilityGlobals) = postSolution
		SolutionGuid = {F9B18E35-45F5-4DE2-84CA-0F08787A9F6D}
	EndGlobalSection
EndGlobal
