<?xml version="1.0" encoding="utf-8"?>
<Project ToolsVersion="4.0" xmlns="http://schemas.microsoft.com/developer/msbuild/2003">
  <ItemGroup>
    <ClInclude Include="..\..\jni\jni\Tensor\com_glasssix_common_Tensor.h" />
    <ClInclude Include="..\..\jni\jni\Tensor\android_logger.hpp" />
    <ClInclude Include="..\..\jni\jni\Tensor\jvm_runtime_info.hpp" />
    <ClInclude Include="..\..\jni\jni\Tensor\jvm_global_ref.hpp" />
    <ClInclude Include="..\..\jni\jni\Tensor\hash_utils.hpp" />
    <ClInclude Include="..\..\jni\jni\Tensor\cache_key.hpp" />
    <ClInclude Include="..\..\jni\jni\Tensor\jvm_local_ref.hpp" />
    <ClInclude Include="..\..\jni\jni\Tensor\jni_utils.hpp" />
    <ClInclude Include="..\..\jni\jni\Tensor\tensor_cache_key.hpp" />
    <ClInclude Include="..\..\jni\jni\Tensor\jvm_field_accessor.hpp" />
  </ItemGroup>
  <ItemGroup>
    <ClCompile Include="..\..\jni\jni\Tensor\com_glasssix_common_Tensor.cpp" />
    <ClCompile Include="..\..\jni\jni\Tensor\dllmain.cpp" />
    <ClCompile Include="..\..\jni\jni\Tensor\jvm_runtime_info.cpp" />
    <ClCompile Include="..\..\jni\jni\Tensor\jvm_global_ref.cpp" />
    <ClCompile Include="..\..\jni\jni\Tensor\jvm_local_ref.cpp" />
  </ItemGroup>
  <ItemGroup>
    <None Include="glasssix.props" />
  </ItemGroup>
</Project>