<?xml version="1.0" encoding="utf-8"?>
<Project ToolsVersion="4.0" xmlns="http://schemas.microsoft.com/developer/msbuild/2003">
  <ItemGroup>
    <Filter Include="源文件">
      <UniqueIdentifier>{4FC737F1-C7A5-4376-A066-2A32D752A2FF}</UniqueIdentifier>
      <Extensions>cpp;c;cc;cxx;def;odl;idl;hpj;bat;asm;asmx</Extensions>
    </Filter>
    <Filter Include="头文件">
      <UniqueIdentifier>{93995380-89BD-4b04-88EB-625FBE52EBFB}</UniqueIdentifier>
      <Extensions>h;hh;hpp;hxx;hm;inl;inc;ipp;xsd</Extensions>
    </Filter>
    <Filter Include="资源文件">
      <UniqueIdentifier>{67DA6AB6-F800-4c08-8B7A-83BB121AAD01}</UniqueIdentifier>
      <Extensions>rc;ico;cur;bmp;dlg;rc2;rct;bin;rgs;gif;jpg;jpeg;jpe;resx;tiff;tif;png;wav;mfcribbon-ms</Extensions>
    </Filter>
    <Filter Include="头文件\impl">
      <UniqueIdentifier>{1f84d4a7-6094-4f76-a552-9adf3a58d6d0}</UniqueIdentifier>
    </Filter>
    <Filter Include="源文件\impl">
      <UniqueIdentifier>{d162269d-0304-4fb6-89c4-a16f3f5d8151}</UniqueIdentifier>
    </Filter>
    <Filter Include="头文件\free_image">
      <UniqueIdentifier>{c90e75a7-91f7-44fa-bf82-211b8d59229e}</UniqueIdentifier>
    </Filter>
    <Filter Include="源文件\free_image">
      <UniqueIdentifier>{036e7d17-d798-42d8-840a-741edb567c28}</UniqueIdentifier>
    </Filter>
  </ItemGroup>
  <ItemGroup>
    <ClInclude Include="../../include/Infrastructure/tensor_builder.hpp">
      <Filter>头文件</Filter>
    </ClInclude>
    <ClInclude Include="../../include/Infrastructure/tensor_helper.hpp">
      <Filter>头文件</Filter>
    </ClInclude>
    <ClInclude Include="../../include/Infrastructure/tensor_builder_free_image_impl.hpp">
      <Filter>头文件\impl</Filter>
    </ClInclude>
    <ClInclude Include="../../include/Infrastructure/tensor_builder_factory.hpp">
      <Filter>头文件\impl</Filter>
    </ClInclude>
    <ClInclude Include="..\..\include\Infrastructure\tensor_convertions.hpp">
      <Filter>头文件</Filter>
    </ClInclude>
    <ClInclude Include="..\..\include\Infrastructure\tensor_converter.hpp">
      <Filter>头文件</Filter>
    </ClInclude>
    <ClInclude Include="..\..\include\Infrastructure\tensor_or_shared.hpp">
      <Filter>头文件</Filter>
    </ClInclude>
    <ClInclude Include="..\..\include\Infrastructure\init_free_image.hpp">
      <Filter>头文件</Filter>
    </ClInclude>
    <ClInclude Include="..\..\include\Infrastructure\FreeImagePlus.h">
      <Filter>头文件\free_image</Filter>
    </ClInclude>
    <ClInclude Include="..\..\include\Infrastructure\FreeImage.h">
      <Filter>头文件\free_image</Filter>
    </ClInclude>
    <ClInclude Include="..\..\include\Infrastructure\fi_image_ex.hpp">
      <Filter>头文件\free_image</Filter>
    </ClInclude>
    <ClInclude Include="..\..\include\Infrastructure\fi_extended_conversions.hpp">
      <Filter>头文件\free_image</Filter>
    </ClInclude>
    <ClInclude Include="..\..\include\Infrastructure\tensor_layout.hpp">
      <Filter>头文件</Filter>
    </ClInclude>
  </ItemGroup>
  <ItemGroup>
    <ClCompile Include="../../src/Infrastructure/tensor_builder_factory.cpp">
      <Filter>源文件</Filter>
    </ClCompile>
    <ClCompile Include="../../src/Infrastructure/tensor_builder_free_image_impl.cpp">
      <Filter>源文件\impl</Filter>
    </ClCompile>
    <ClCompile Include="..\..\src\Infrastructure\fi_image_ex.cpp">
      <Filter>源文件\free_image</Filter>
    </ClCompile>
    <ClCompile Include="..\..\src\Infrastructure\fi_extended_conversions.cpp">
      <Filter>源文件\free_image</Filter>
    </ClCompile>
  </ItemGroup>
</Project>