
Microsoft Visual Studio Solution File, Format Version 12.00
# Visual Studio 14
VisualStudioVersion = 14.0.25420.1
MinimumVisualStudioVersion = 10.0.40219.1
Project("{8BC9CEB8-8B4A-11D0-8D11-00A0C91BC942}") = "fastfacedetection", "fastfacedetection\fastfacedetection.vcxproj", "{678E0224-DB49-47DC-A5A5-8C5A61ABB711}"
	ProjectSection(ProjectDependencies) = postProject
		{E0AF50AC-048C-412F-BA26-13B4F408C96D} = {E0AF50AC-048C-412F-BA26-13B4F408C96D}
	EndProjectSection
EndProject
Project("{8BC9CEB8-8B4A-11D0-8D11-00A0C91BC942}") = "Cassius", "Cassius\Cassius.vcxproj", "{8432FA67-F974-46C7-A792-DCFB77624F35}"
	ProjectSection(ProjectDependencies) = postProject
		{E0AF50AC-048C-412F-BA26-13B4F408C96D} = {E0AF50AC-048C-412F-BA26-13B4F408C96D}
	EndProjectSection
EndProject
Project("{8BC9CEB8-8B4A-11D0-8D11-00A0C91BC942}") = "exfastfacedetection", "exfastfacedetection\exfastfacedetection.vcxproj", "{829563A2-6123-4ECE-818A-81CC5EB03B5D}"
EndProject
Project("{8BC9CEB8-8B4A-11D0-8D11-00A0C91BC942}") = "libcufacedetection", "libcufacedetection\libcufacedetection.vcxproj", "{8E9CDED1-E0B8-41D9-8E0D-E70198254024}"
EndProject
Project("{8BC9CEB8-8B4A-11D0-8D11-00A0C91BC942}") = "Atalanta", "Atalanta\Atalanta.vcxproj", "{15566548-FAF3-4321-8378-67F573B1B109}"
EndProject
Project("{8BC9CEB8-8B4A-11D0-8D11-00A0C91BC942}") = "Excalibur", "Excalibur\Excalibur.vcxproj", "{E0AF50AC-048C-412F-BA26-13B4F408C96D}"
EndProject
Project("{8BC9CEB8-8B4A-11D0-8D11-00A0C91BC942}") = "Gilgamesh", "Gilgamesh\Gilgamesh.vcxproj", "{5A642D01-4204-4515-81A3-E4645D44E00A}"
EndProject
Project("{8BC9CEB8-8B4A-11D0-8D11-00A0C91BC942}") = "PersonalReality", "PersonalReality\PersonalReality.vcxproj", "{A4C19FE7-2F66-4B5D-B4C5-E5E7D0D8D6AF}"
EndProject
Project("{8BC9CEB8-8B4A-11D0-8D11-00A0C91BC942}") = "Romancia", "Romancia\Romancia.vcxproj", "{63D82E10-2B88-4F41-824B-CBA389F7CF18}"
EndProject
Project("{8BC9CEB8-8B4A-11D0-8D11-00A0C91BC942}") = "Longinus", "Longinus\Longinus.vcxproj", "{9EE0E226-E717-4987-A2EA-CDAF97A9CAAB}"
EndProject
Project("{8BC9CEB8-8B4A-11D0-8D11-00A0C91BC942}") = "TestCassius", "TestCassius\TestCassius.vcxproj", "{8B54CF3C-52FD-456C-921A-DB43DAA86474}"
EndProject
Project("{8BC9CEB8-8B4A-11D0-8D11-00A0C91BC942}") = "Longinucia", "Longinucia\Longinucia.vcxproj", "{C95D11B8-8912-4F3B-9E85-53603A3305F4}"
	ProjectSection(ProjectDependencies) = postProject
		{9EE0E226-E717-4987-A2EA-CDAF97A9CAAB} = {9EE0E226-E717-4987-A2EA-CDAF97A9CAAB}
	EndProjectSection
EndProject
Project("{FAE04EC0-301F-11D3-BF4B-00C04F79EFBC}") = "TestLonginucia", "TestLonginucia\TestLonginucia.csproj", "{BBC568F2-9EAD-4423-B383-80D76CF03F55}"
EndProject
Project("{8BC9CEB8-8B4A-11D0-8D11-00A0C91BC942}") = "Cassiunia", "Cassiunia\Cassiunia.vcxproj", "{9169F7DD-C3D9-4779-A6E6-206D2ECD95F5}"
EndProject
Project("{8BC9CEB8-8B4A-11D0-8D11-00A0C91BC942}") = "CPUtestRotateWithPoints", "..\..\testCV\CPUtestRotateWithCenter\CPUtestRotateWithCenter.vcxproj", "{D78CCF3B-F47E-45D6-A033-AF1F202ECF97}"
EndProject
Project("{8BC9CEB8-8B4A-11D0-8D11-00A0C91BC942}") = "TestLonginus", "TestLonginus\TestLonginus.vcxproj", "{054171A4-01BA-4F3C-A066-AA40044E7462}"
EndProject
Project("{8BC9CEB8-8B4A-11D0-8D11-00A0C91BC942}") = "Julius", "Julius\Julius.vcxproj", "{5B59DC69-FC25-4816-9397-067B7FB597A4}"
EndProject
Global
	GlobalSection(SolutionConfigurationPlatforms) = preSolution
		Debug|Any CPU = Debug|Any CPU
		Debug|x64 = Debug|x64
		Debug|x86 = Debug|x86
		Release|Any CPU = Release|Any CPU
		Release|x64 = Release|x64
		Release|x86 = Release|x86
	EndGlobalSection
	GlobalSection(ProjectConfigurationPlatforms) = postSolution
		{678E0224-DB49-47DC-A5A5-8C5A61ABB711}.Debug|Any CPU.ActiveCfg = Debug|Win32
		{678E0224-DB49-47DC-A5A5-8C5A61ABB711}.Debug|x64.ActiveCfg = Debug|x64
		{678E0224-DB49-47DC-A5A5-8C5A61ABB711}.Debug|x64.Build.0 = Debug|x64
		{678E0224-DB49-47DC-A5A5-8C5A61ABB711}.Debug|x86.ActiveCfg = Debug|Win32
		{678E0224-DB49-47DC-A5A5-8C5A61ABB711}.Debug|x86.Build.0 = Debug|Win32
		{678E0224-DB49-47DC-A5A5-8C5A61ABB711}.Release|Any CPU.ActiveCfg = Release|Win32
		{678E0224-DB49-47DC-A5A5-8C5A61ABB711}.Release|x64.ActiveCfg = Release|x64
		{678E0224-DB49-47DC-A5A5-8C5A61ABB711}.Release|x64.Build.0 = Release|x64
		{678E0224-DB49-47DC-A5A5-8C5A61ABB711}.Release|x86.ActiveCfg = Release|Win32
		{678E0224-DB49-47DC-A5A5-8C5A61ABB711}.Release|x86.Build.0 = Release|Win32
		{8432FA67-F974-46C7-A792-DCFB77624F35}.Debug|Any CPU.ActiveCfg = Debug|Win32
		{8432FA67-F974-46C7-A792-DCFB77624F35}.Debug|x64.ActiveCfg = Debug|x64
		{8432FA67-F974-46C7-A792-DCFB77624F35}.Debug|x64.Build.0 = Debug|x64
		{8432FA67-F974-46C7-A792-DCFB77624F35}.Debug|x86.ActiveCfg = Debug|Win32
		{8432FA67-F974-46C7-A792-DCFB77624F35}.Debug|x86.Build.0 = Debug|Win32
		{8432FA67-F974-46C7-A792-DCFB77624F35}.Release|Any CPU.ActiveCfg = Release|Win32
		{8432FA67-F974-46C7-A792-DCFB77624F35}.Release|x64.ActiveCfg = Release|x64
		{8432FA67-F974-46C7-A792-DCFB77624F35}.Release|x64.Build.0 = Release|x64
		{8432FA67-F974-46C7-A792-DCFB77624F35}.Release|x86.ActiveCfg = Release|Win32
		{8432FA67-F974-46C7-A792-DCFB77624F35}.Release|x86.Build.0 = Release|Win32
		{829563A2-6123-4ECE-818A-81CC5EB03B5D}.Debug|Any CPU.ActiveCfg = Debug|Win32
		{829563A2-6123-4ECE-818A-81CC5EB03B5D}.Debug|x64.ActiveCfg = Debug|x64
		{829563A2-6123-4ECE-818A-81CC5EB03B5D}.Debug|x64.Build.0 = Debug|x64
		{829563A2-6123-4ECE-818A-81CC5EB03B5D}.Debug|x86.ActiveCfg = Debug|Win32
		{829563A2-6123-4ECE-818A-81CC5EB03B5D}.Debug|x86.Build.0 = Debug|Win32
		{829563A2-6123-4ECE-818A-81CC5EB03B5D}.Release|Any CPU.ActiveCfg = Release|Win32
		{829563A2-6123-4ECE-818A-81CC5EB03B5D}.Release|x64.ActiveCfg = Release|x64
		{829563A2-6123-4ECE-818A-81CC5EB03B5D}.Release|x64.Build.0 = Release|x64
		{829563A2-6123-4ECE-818A-81CC5EB03B5D}.Release|x86.ActiveCfg = Release|Win32
		{829563A2-6123-4ECE-818A-81CC5EB03B5D}.Release|x86.Build.0 = Release|Win32
		{8E9CDED1-E0B8-41D9-8E0D-E70198254024}.Debug|Any CPU.ActiveCfg = Debug|Win32
		{8E9CDED1-E0B8-41D9-8E0D-E70198254024}.Debug|x64.ActiveCfg = Debug|x64
		{8E9CDED1-E0B8-41D9-8E0D-E70198254024}.Debug|x64.Build.0 = Debug|x64
		{8E9CDED1-E0B8-41D9-8E0D-E70198254024}.Debug|x86.ActiveCfg = Debug|Win32
		{8E9CDED1-E0B8-41D9-8E0D-E70198254024}.Debug|x86.Build.0 = Debug|Win32
		{8E9CDED1-E0B8-41D9-8E0D-E70198254024}.Release|Any CPU.ActiveCfg = Release|Win32
		{8E9CDED1-E0B8-41D9-8E0D-E70198254024}.Release|x64.ActiveCfg = Release|x64
		{8E9CDED1-E0B8-41D9-8E0D-E70198254024}.Release|x64.Build.0 = Release|x64
		{8E9CDED1-E0B8-41D9-8E0D-E70198254024}.Release|x86.ActiveCfg = Release|Win32
		{8E9CDED1-E0B8-41D9-8E0D-E70198254024}.Release|x86.Build.0 = Release|Win32
		{15566548-FAF3-4321-8378-67F573B1B109}.Debug|Any CPU.ActiveCfg = Debug|Win32
		{15566548-FAF3-4321-8378-67F573B1B109}.Debug|x64.ActiveCfg = Debug|x64
		{15566548-FAF3-4321-8378-67F573B1B109}.Debug|x64.Build.0 = Debug|x64
		{15566548-FAF3-4321-8378-67F573B1B109}.Debug|x86.ActiveCfg = Debug|Win32
		{15566548-FAF3-4321-8378-67F573B1B109}.Debug|x86.Build.0 = Debug|Win32
		{15566548-FAF3-4321-8378-67F573B1B109}.Release|Any CPU.ActiveCfg = Release|Win32
		{15566548-FAF3-4321-8378-67F573B1B109}.Release|x64.ActiveCfg = Release|x64
		{15566548-FAF3-4321-8378-67F573B1B109}.Release|x64.Build.0 = Release|x64
		{15566548-FAF3-4321-8378-67F573B1B109}.Release|x86.ActiveCfg = Release|Win32
		{15566548-FAF3-4321-8378-67F573B1B109}.Release|x86.Build.0 = Release|Win32
		{E0AF50AC-048C-412F-BA26-13B4F408C96D}.Debug|Any CPU.ActiveCfg = Debug|Win32
		{E0AF50AC-048C-412F-BA26-13B4F408C96D}.Debug|x64.ActiveCfg = Debug|x64
		{E0AF50AC-048C-412F-BA26-13B4F408C96D}.Debug|x64.Build.0 = Debug|x64
		{E0AF50AC-048C-412F-BA26-13B4F408C96D}.Debug|x86.ActiveCfg = Debug|Win32
		{E0AF50AC-048C-412F-BA26-13B4F408C96D}.Debug|x86.Build.0 = Debug|Win32
		{E0AF50AC-048C-412F-BA26-13B4F408C96D}.Release|Any CPU.ActiveCfg = Release|Win32
		{E0AF50AC-048C-412F-BA26-13B4F408C96D}.Release|x64.ActiveCfg = Release|x64
		{E0AF50AC-048C-412F-BA26-13B4F408C96D}.Release|x64.Build.0 = Release|x64
		{E0AF50AC-048C-412F-BA26-13B4F408C96D}.Release|x86.ActiveCfg = Release|Win32
		{E0AF50AC-048C-412F-BA26-13B4F408C96D}.Release|x86.Build.0 = Release|Win32
		{5A642D01-4204-4515-81A3-E4645D44E00A}.Debug|Any CPU.ActiveCfg = Debug|Win32
		{5A642D01-4204-4515-81A3-E4645D44E00A}.Debug|x64.ActiveCfg = Debug|x64
		{5A642D01-4204-4515-81A3-E4645D44E00A}.Debug|x64.Build.0 = Debug|x64
		{5A642D01-4204-4515-81A3-E4645D44E00A}.Debug|x86.ActiveCfg = Debug|Win32
		{5A642D01-4204-4515-81A3-E4645D44E00A}.Debug|x86.Build.0 = Debug|Win32
		{5A642D01-4204-4515-81A3-E4645D44E00A}.Release|Any CPU.ActiveCfg = Release|Win32
		{5A642D01-4204-4515-81A3-E4645D44E00A}.Release|x64.ActiveCfg = Release|x64
		{5A642D01-4204-4515-81A3-E4645D44E00A}.Release|x64.Build.0 = Release|x64
		{5A642D01-4204-4515-81A3-E4645D44E00A}.Release|x86.ActiveCfg = Release|Win32
		{5A642D01-4204-4515-81A3-E4645D44E00A}.Release|x86.Build.0 = Release|Win32
		{A4C19FE7-2F66-4B5D-B4C5-E5E7D0D8D6AF}.Debug|Any CPU.ActiveCfg = Debug|Win32
		{A4C19FE7-2F66-4B5D-B4C5-E5E7D0D8D6AF}.Debug|x64.ActiveCfg = Debug|x64
		{A4C19FE7-2F66-4B5D-B4C5-E5E7D0D8D6AF}.Debug|x64.Build.0 = Debug|x64
		{A4C19FE7-2F66-4B5D-B4C5-E5E7D0D8D6AF}.Debug|x86.ActiveCfg = Debug|Win32
		{A4C19FE7-2F66-4B5D-B4C5-E5E7D0D8D6AF}.Debug|x86.Build.0 = Debug|Win32
		{A4C19FE7-2F66-4B5D-B4C5-E5E7D0D8D6AF}.Release|Any CPU.ActiveCfg = Release|Win32
		{A4C19FE7-2F66-4B5D-B4C5-E5E7D0D8D6AF}.Release|x64.ActiveCfg = Release|x64
		{A4C19FE7-2F66-4B5D-B4C5-E5E7D0D8D6AF}.Release|x64.Build.0 = Release|x64
		{A4C19FE7-2F66-4B5D-B4C5-E5E7D0D8D6AF}.Release|x86.ActiveCfg = Release|Win32
		{A4C19FE7-2F66-4B5D-B4C5-E5E7D0D8D6AF}.Release|x86.Build.0 = Release|Win32
		{63D82E10-2B88-4F41-824B-CBA389F7CF18}.Debug|Any CPU.ActiveCfg = Debug|Win32
		{63D82E10-2B88-4F41-824B-CBA389F7CF18}.Debug|x64.ActiveCfg = Debug|x64
		{63D82E10-2B88-4F41-824B-CBA389F7CF18}.Debug|x64.Build.0 = Debug|x64
		{63D82E10-2B88-4F41-824B-CBA389F7CF18}.Debug|x86.ActiveCfg = Debug|Win32
		{63D82E10-2B88-4F41-824B-CBA389F7CF18}.Debug|x86.Build.0 = Debug|Win32
		{63D82E10-2B88-4F41-824B-CBA389F7CF18}.Release|Any CPU.ActiveCfg = Release|Win32
		{63D82E10-2B88-4F41-824B-CBA389F7CF18}.Release|x64.ActiveCfg = Release|x64
		{63D82E10-2B88-4F41-824B-CBA389F7CF18}.Release|x64.Build.0 = Release|x64
		{63D82E10-2B88-4F41-824B-CBA389F7CF18}.Release|x86.ActiveCfg = Release|Win32
		{63D82E10-2B88-4F41-824B-CBA389F7CF18}.Release|x86.Build.0 = Release|Win32
		{9EE0E226-E717-4987-A2EA-CDAF97A9CAAB}.Debug|Any CPU.ActiveCfg = Debug|Win32
		{9EE0E226-E717-4987-A2EA-CDAF97A9CAAB}.Debug|x64.ActiveCfg = Debug|x64
		{9EE0E226-E717-4987-A2EA-CDAF97A9CAAB}.Debug|x64.Build.0 = Debug|x64
		{9EE0E226-E717-4987-A2EA-CDAF97A9CAAB}.Debug|x86.ActiveCfg = Debug|Win32
		{9EE0E226-E717-4987-A2EA-CDAF97A9CAAB}.Debug|x86.Build.0 = Debug|Win32
		{9EE0E226-E717-4987-A2EA-CDAF97A9CAAB}.Release|Any CPU.ActiveCfg = Release|Win32
		{9EE0E226-E717-4987-A2EA-CDAF97A9CAAB}.Release|x64.ActiveCfg = Release|x64
		{9EE0E226-E717-4987-A2EA-CDAF97A9CAAB}.Release|x64.Build.0 = Release|x64
		{9EE0E226-E717-4987-A2EA-CDAF97A9CAAB}.Release|x86.ActiveCfg = Release|Win32
		{9EE0E226-E717-4987-A2EA-CDAF97A9CAAB}.Release|x86.Build.0 = Release|Win32
		{8B54CF3C-52FD-456C-921A-DB43DAA86474}.Debug|Any CPU.ActiveCfg = Debug|Win32
		{8B54CF3C-52FD-456C-921A-DB43DAA86474}.Debug|x64.ActiveCfg = Debug|x64
		{8B54CF3C-52FD-456C-921A-DB43DAA86474}.Debug|x64.Build.0 = Debug|x64
		{8B54CF3C-52FD-456C-921A-DB43DAA86474}.Debug|x86.ActiveCfg = Debug|Win32
		{8B54CF3C-52FD-456C-921A-DB43DAA86474}.Debug|x86.Build.0 = Debug|Win32
		{8B54CF3C-52FD-456C-921A-DB43DAA86474}.Release|Any CPU.ActiveCfg = Release|Win32
		{8B54CF3C-52FD-456C-921A-DB43DAA86474}.Release|x64.ActiveCfg = Release|x64
		{8B54CF3C-52FD-456C-921A-DB43DAA86474}.Release|x64.Build.0 = Release|x64
		{8B54CF3C-52FD-456C-921A-DB43DAA86474}.Release|x86.ActiveCfg = Release|Win32
		{8B54CF3C-52FD-456C-921A-DB43DAA86474}.Release|x86.Build.0 = Release|Win32
		{C95D11B8-8912-4F3B-9E85-53603A3305F4}.Debug|Any CPU.ActiveCfg = Debug|Win32
		{C95D11B8-8912-4F3B-9E85-53603A3305F4}.Debug|x64.ActiveCfg = Debug|x64
		{C95D11B8-8912-4F3B-9E85-53603A3305F4}.Debug|x64.Build.0 = Debug|x64
		{C95D11B8-8912-4F3B-9E85-53603A3305F4}.Debug|x86.ActiveCfg = Debug|Win32
		{C95D11B8-8912-4F3B-9E85-53603A3305F4}.Debug|x86.Build.0 = Debug|Win32
		{C95D11B8-8912-4F3B-9E85-53603A3305F4}.Release|Any CPU.ActiveCfg = Release|Win32
		{C95D11B8-8912-4F3B-9E85-53603A3305F4}.Release|x64.ActiveCfg = Release|x64
		{C95D11B8-8912-4F3B-9E85-53603A3305F4}.Release|x64.Build.0 = Release|x64
		{C95D11B8-8912-4F3B-9E85-53603A3305F4}.Release|x86.ActiveCfg = Release|Win32
		{C95D11B8-8912-4F3B-9E85-53603A3305F4}.Release|x86.Build.0 = Release|Win32
		{BBC568F2-9EAD-4423-B383-80D76CF03F55}.Debug|Any CPU.ActiveCfg = Debug|Any CPU
		{BBC568F2-9EAD-4423-B383-80D76CF03F55}.Debug|Any CPU.Build.0 = Debug|Any CPU
		{BBC568F2-9EAD-4423-B383-80D76CF03F55}.Debug|x64.ActiveCfg = Debug|x64
		{BBC568F2-9EAD-4423-B383-80D76CF03F55}.Debug|x64.Build.0 = Debug|x64
		{BBC568F2-9EAD-4423-B383-80D76CF03F55}.Debug|x86.ActiveCfg = Debug|Any CPU
		{BBC568F2-9EAD-4423-B383-80D76CF03F55}.Debug|x86.Build.0 = Debug|Any CPU
		{BBC568F2-9EAD-4423-B383-80D76CF03F55}.Release|Any CPU.ActiveCfg = Release|Any CPU
		{BBC568F2-9EAD-4423-B383-80D76CF03F55}.Release|Any CPU.Build.0 = Release|Any CPU
		{BBC568F2-9EAD-4423-B383-80D76CF03F55}.Release|x64.ActiveCfg = Release|x64
		{BBC568F2-9EAD-4423-B383-80D76CF03F55}.Release|x64.Build.0 = Release|x64
		{BBC568F2-9EAD-4423-B383-80D76CF03F55}.Release|x86.ActiveCfg = Release|Any CPU
		{BBC568F2-9EAD-4423-B383-80D76CF03F55}.Release|x86.Build.0 = Release|Any CPU
		{9169F7DD-C3D9-4779-A6E6-206D2ECD95F5}.Debug|Any CPU.ActiveCfg = Debug|Win32
		{9169F7DD-C3D9-4779-A6E6-206D2ECD95F5}.Debug|x64.ActiveCfg = Debug|x64
		{9169F7DD-C3D9-4779-A6E6-206D2ECD95F5}.Debug|x64.Build.0 = Debug|x64
		{9169F7DD-C3D9-4779-A6E6-206D2ECD95F5}.Debug|x86.ActiveCfg = Debug|Win32
		{9169F7DD-C3D9-4779-A6E6-206D2ECD95F5}.Debug|x86.Build.0 = Debug|Win32
		{9169F7DD-C3D9-4779-A6E6-206D2ECD95F5}.Release|Any CPU.ActiveCfg = Release|Win32
		{9169F7DD-C3D9-4779-A6E6-206D2ECD95F5}.Release|x64.ActiveCfg = Release|x64
		{9169F7DD-C3D9-4779-A6E6-206D2ECD95F5}.Release|x64.Build.0 = Release|x64
		{9169F7DD-C3D9-4779-A6E6-206D2ECD95F5}.Release|x86.ActiveCfg = Release|Win32
		{9169F7DD-C3D9-4779-A6E6-206D2ECD95F5}.Release|x86.Build.0 = Release|Win32
		{D78CCF3B-F47E-45D6-A033-AF1F202ECF97}.Debug|Any CPU.ActiveCfg = Debug|Win32
		{D78CCF3B-F47E-45D6-A033-AF1F202ECF97}.Debug|x64.ActiveCfg = Debug|x64
		{D78CCF3B-F47E-45D6-A033-AF1F202ECF97}.Debug|x64.Build.0 = Debug|x64
		{D78CCF3B-F47E-45D6-A033-AF1F202ECF97}.Debug|x86.ActiveCfg = Debug|Win32
		{D78CCF3B-F47E-45D6-A033-AF1F202ECF97}.Debug|x86.Build.0 = Debug|Win32
		{D78CCF3B-F47E-45D6-A033-AF1F202ECF97}.Release|Any CPU.ActiveCfg = Release|Win32
		{D78CCF3B-F47E-45D6-A033-AF1F202ECF97}.Release|x64.ActiveCfg = Release|x64
		{D78CCF3B-F47E-45D6-A033-AF1F202ECF97}.Release|x64.Build.0 = Release|x64
		{D78CCF3B-F47E-45D6-A033-AF1F202ECF97}.Release|x86.ActiveCfg = Release|Win32
		{D78CCF3B-F47E-45D6-A033-AF1F202ECF97}.Release|x86.Build.0 = Release|Win32
		{054171A4-01BA-4F3C-A066-AA40044E7462}.Debug|Any CPU.ActiveCfg = Debug|Win32
		{054171A4-01BA-4F3C-A066-AA40044E7462}.Debug|x64.ActiveCfg = Debug|x64
		{054171A4-01BA-4F3C-A066-AA40044E7462}.Debug|x64.Build.0 = Debug|x64
		{054171A4-01BA-4F3C-A066-AA40044E7462}.Debug|x86.ActiveCfg = Debug|Win32
		{054171A4-01BA-4F3C-A066-AA40044E7462}.Debug|x86.Build.0 = Debug|Win32
		{054171A4-01BA-4F3C-A066-AA40044E7462}.Release|Any CPU.ActiveCfg = Release|Win32
		{054171A4-01BA-4F3C-A066-AA40044E7462}.Release|x64.ActiveCfg = Release|x64
		{054171A4-01BA-4F3C-A066-AA40044E7462}.Release|x64.Build.0 = Release|x64
		{054171A4-01BA-4F3C-A066-AA40044E7462}.Release|x86.ActiveCfg = Release|Win32
		{054171A4-01BA-4F3C-A066-AA40044E7462}.Release|x86.Build.0 = Release|Win32
		{5B59DC69-FC25-4816-9397-067B7FB597A4}.Debug|Any CPU.ActiveCfg = Debug|Win32
		{5B59DC69-FC25-4816-9397-067B7FB597A4}.Debug|x64.ActiveCfg = Debug|x64
		{5B59DC69-FC25-4816-9397-067B7FB597A4}.Debug|x64.Build.0 = Debug|x64
		{5B59DC69-FC25-4816-9397-067B7FB597A4}.Debug|x86.ActiveCfg = Debug|Win32
		{5B59DC69-FC25-4816-9397-067B7FB597A4}.Debug|x86.Build.0 = Debug|Win32
		{5B59DC69-FC25-4816-9397-067B7FB597A4}.Release|Any CPU.ActiveCfg = Release|Win32
		{5B59DC69-FC25-4816-9397-067B7FB597A4}.Release|x64.ActiveCfg = Release|x64
		{5B59DC69-FC25-4816-9397-067B7FB597A4}.Release|x64.Build.0 = Release|x64
		{5B59DC69-FC25-4816-9397-067B7FB597A4}.Release|x86.ActiveCfg = Release|Win32
		{5B59DC69-FC25-4816-9397-067B7FB597A4}.Release|x86.Build.0 = Release|Win32
	EndGlobalSection
	GlobalSection(SolutionProperties) = preSolution
		HideSolutionNode = FALSE
	EndGlobalSection
EndGlobal
