<?xml version="1.0" encoding="utf-8"?>
<Project ToolsVersion="4.0" xmlns="http://schemas.microsoft.com/developer/msbuild/2003">
  <ItemGroup>
    <Filter Include="Header Files">
      <UniqueIdentifier>{ad390cb1-f70e-404d-8c35-6ed28811f0bb}</UniqueIdentifier>
    </Filter>
    <Filter Include="Source Files">
      <UniqueIdentifier>{95305f57-76ca-47c6-998d-f1590c8fdbf9}</UniqueIdentifier>
    </Filter>
    <Filter Include="Header Files\layers">
      <UniqueIdentifier>{1344bab3-3fe0-45f4-af95-d901f41c3ae4}</UniqueIdentifier>
    </Filter>
    <Filter Include="Header Files\proto">
      <UniqueIdentifier>{c821ba74-3f02-4ceb-a34c-5ba478a671e4}</UniqueIdentifier>
    </Filter>
    <Filter Include="Source Files\layers">
      <UniqueIdentifier>{23f1bdab-7c9f-40b2-9186-deb272a8be53}</UniqueIdentifier>
    </Filter>
    <Filter Include="Source Files\proto">
      <UniqueIdentifier>{b99ff835-5e07-47ee-903a-8bca44960da0}</UniqueIdentifier>
    </Filter>
    <Filter Include="Cuda Files">
      <UniqueIdentifier>{9b400353-1c8a-4646-aef3-7107f0bdf40b}</UniqueIdentifier>
    </Filter>
  </ItemGroup>
  <ItemGroup>
    <ClInclude Include="Accelerator.hpp">
      <Filter>Header Files</Filter>
    </ClInclude>
    <ClInclude Include="Avalon_Synchronizer.hpp">
      <Filter>Header Files</Filter>
    </ClInclude>
    <ClInclude Include="Excalibur_MathFunctions.hpp">
      <Filter>Header Files</Filter>
    </ClInclude>
    <ClInclude Include="Geofront_Net.hpp">
      <Filter>Header Files</Filter>
    </ClInclude>
    <ClInclude Include="Homunculus_Layers.hpp">
      <Filter>Header Files</Filter>
    </ClInclude>
    <ClInclude Include="Mordred_BasicMath.hpp">
      <Filter>Header Files</Filter>
    </ClInclude>
    <ClInclude Include="Pandora_Blob.hpp">
      <Filter>Header Files</Filter>
    </ClInclude>
    <ClInclude Include="ReLU_Layer.hpp">
      <Filter>Header Files\layers</Filter>
    </ClInclude>
    <ClInclude Include="caffe.pb.h">
      <Filter>Header Files\proto</Filter>
    </ClInclude>
  </ItemGroup>
  <ItemGroup>
    <ClCompile Include="Avalon_Synchronizer.cpp">
      <Filter>Source Files</Filter>
    </ClCompile>
    <ClCompile Include="Excalibur_MathFunctions.cpp">
      <Filter>Source Files</Filter>
    </ClCompile>
    <ClCompile Include="Geofront_Net.cpp">
      <Filter>Source Files</Filter>
    </ClCompile>
    <ClCompile Include="Homunculus_Layers.cpp">
      <Filter>Source Files</Filter>
    </ClCompile>
    <ClCompile Include="main.cpp">
      <Filter>Source Files</Filter>
    </ClCompile>
    <ClCompile Include="Pandora_Blob.cpp">
      <Filter>Source Files</Filter>
    </ClCompile>
    <ClCompile Include="ReLU_Layer.cpp">
      <Filter>Source Files\layers</Filter>
    </ClCompile>
    <ClCompile Include="caffe.pb.cc">
      <Filter>Source Files\proto</Filter>
    </ClCompile>
  </ItemGroup>
  <ItemGroup>
    <CudaCompile Include="Excalibur_MathFunctions.cu">
      <Filter>Cuda Files</Filter>
    </CudaCompile>
  </ItemGroup>
</Project>