<?xml version="1.0" encoding="utf-8"?>
<Project ToolsVersion="4.0" xmlns="http://schemas.microsoft.com/developer/msbuild/2003">
  <ItemGroup>
    <Filter Include="Source Files">
      <UniqueIdentifier>{4FC737F1-C7A5-4376-A066-2A32D752A2FF}</UniqueIdentifier>
      <Extensions>cpp;c;cc;cxx;def;odl;idl;hpj;bat;asm;asmx</Extensions>
    </Filter>
    <Filter Include="Header Files">
      <UniqueIdentifier>{93995380-89BD-4b04-88EB-625FBE52EBFB}</UniqueIdentifier>
      <Extensions>h;hh;hpp;hxx;hm;inl;inc;ipp;xsd</Extensions>
    </Filter>
    <Filter Include="Resource Files">
      <UniqueIdentifier>{67DA6AB6-F800-4c08-8B7A-83BB121AAD01}</UniqueIdentifier>
      <Extensions>rc;ico;cur;bmp;dlg;rc2;rct;bin;rgs;gif;jpg;jpeg;jpe;resx;tiff;tif;png;wav;mfcribbon-ms</Extensions>
    </Filter>
    <Filter Include="Source Files\cu">
      <UniqueIdentifier>{f2779ac9-4402-4908-9800-08d31bfefad6}</UniqueIdentifier>
    </Filter>
  </ItemGroup>
  <ItemGroup>
    <ClInclude Include="..\..\include\Longinus\BaseLonginusCascade.hpp">
      <Filter>Header Files</Filter>
    </ClInclude>
    <ClInclude Include="..\..\include\Longinus\common.hpp">
      <Filter>Header Files</Filter>
    </ClInclude>
    <ClInclude Include="..\..\include\Longinus\FrontalCascade.hpp">
      <Filter>Header Files</Filter>
    </ClInclude>
    <ClInclude Include="..\..\include\Longinus\FrontalReinforceCascade.hpp">
      <Filter>Header Files</Filter>
    </ClInclude>
    <ClInclude Include="..\..\include\Longinus\HardCode.hpp">
      <Filter>Header Files</Filter>
    </ClInclude>
    <ClInclude Include="..\..\include\Longinus\ImageOperation.hpp">
      <Filter>Header Files</Filter>
    </ClInclude>
    <ClInclude Include="..\..\include\Longinus\InternalLonginusCascade.hpp">
      <Filter>Header Files</Filter>
    </ClInclude>
    <ClInclude Include="..\..\include\Longinus\LeftProfileCascade.hpp">
      <Filter>Header Files</Filter>
    </ClInclude>
    <ClInclude Include="..\..\include\Longinus\LeftProfileReinforceCascade.hpp">
      <Filter>Header Files</Filter>
    </ClInclude>
    <ClInclude Include="..\..\include\Longinus\LonginusDetector.hpp">
      <Filter>Header Files</Filter>
    </ClInclude>
    <ClInclude Include="..\..\include\Longinus\match_recter.hpp">
      <Filter>Header Files</Filter>
    </ClInclude>
    <ClInclude Include="..\..\include\Longinus\matcher.hpp">
      <Filter>Header Files</Filter>
    </ClInclude>
    <ClInclude Include="..\..\include\Longinus\RightProfileCascade.hpp">
      <Filter>Header Files</Filter>
    </ClInclude>
    <ClInclude Include="..\..\include\Longinus\RightProfileReinforceCascade.hpp">
      <Filter>Header Files</Filter>
    </ClInclude>
    <ClInclude Include="..\..\include\Longinus\tinyxml2.h">
      <Filter>Header Files</Filter>
    </ClInclude>
  </ItemGroup>
  <ItemGroup>
    <ClCompile Include="..\..\src\Longinus\common.cpp">
      <Filter>Source Files</Filter>
    </ClCompile>
    <ClCompile Include="..\..\src\Longinus\ImageOperation.cpp">
      <Filter>Source Files</Filter>
    </ClCompile>
    <ClCompile Include="..\..\src\Longinus\InternalLonginusCascade.cpp">
      <Filter>Source Files</Filter>
    </ClCompile>
    <ClCompile Include="..\..\src\Longinus\LonginusDetector.cpp">
      <Filter>Source Files</Filter>
    </ClCompile>
    <ClCompile Include="..\..\src\Longinus\matcher.cpp">
      <Filter>Source Files</Filter>
    </ClCompile>
    <ClCompile Include="..\..\src\Longinus\tinyxml2.cpp">
      <Filter>Source Files</Filter>
    </ClCompile>
    <ClCompile Include="DllMain.cpp">
      <Filter>Source Files</Filter>
    </ClCompile>
  </ItemGroup>
  <ItemGroup>
    <CudaCompile Include="..\..\src\Longinus\ImageOperation.cu" />
    <CudaCompile Include="..\..\src\Longinus\InternalLonginusCascade.cu" />
  </ItemGroup>
</Project>